// !$*UTF8*$!
{
	archiveVersion = 1;
	classes = {
	};
	objectVersion = 56;
	objects = {

/* Begin PBXBuildFile section */
		BE20A62C2AD7EE8100F08E09 /* FeedLoaderCacheDecoratorTests.swift in Sources */ = {isa = PBXBuildFile; fileRef = BE20A62B2AD7EE8100F08E09 /* FeedLoaderCacheDecoratorTests.swift */; };
		BE3A351C2AD54B4600DB4159 /* AppDelegate.swift in Sources */ = {isa = PBXBuildFile; fileRef = BE3A351B2AD54B4600DB4159 /* AppDelegate.swift */; };
		BE3A351E2AD54B4600DB4159 /* SceneDelegate.swift in Sources */ = {isa = PBXBuildFile; fileRef = BE3A351D2AD54B4600DB4159 /* SceneDelegate.swift */; };
		BE3A35252AD54B4800DB4159 /* Assets.xcassets in Resources */ = {isa = PBXBuildFile; fileRef = BE3A35242AD54B4800DB4159 /* Assets.xcassets */; };
		BE3A35282AD54B4800DB4159 /* LaunchScreen.storyboard in Resources */ = {isa = PBXBuildFile; fileRef = BE3A35262AD54B4800DB4159 /* LaunchScreen.storyboard */; };
		BE3A35332AD54B4800DB4159 /* FeedLoaderWithFallbackCompositeTests.swift in Sources */ = {isa = PBXBuildFile; fileRef = BE3A35322AD54B4800DB4159 /* FeedLoaderWithFallbackCompositeTests.swift */; };
		BE3A354F2AD54E7600DB4159 /* EssentialFeedPractice.framework in Frameworks */ = {isa = PBXBuildFile; fileRef = BE3A354D2AD54E7600DB4159 /* EssentialFeedPractice.framework */; };
		BE3A35502AD54E7600DB4159 /* EssentialFeedPractice.framework in Embed Frameworks */ = {isa = PBXBuildFile; fileRef = BE3A354D2AD54E7600DB4159 /* EssentialFeedPractice.framework */; settings = {ATTRIBUTES = (CodeSignOnCopy, RemoveHeadersOnCopy, ); }; };
		BE3A35512AD54E7600DB4159 /* EssentialFeedPracticeiOS.framework in Frameworks */ = {isa = PBXBuildFile; fileRef = BE3A354E2AD54E7600DB4159 /* EssentialFeedPracticeiOS.framework */; };
		BE3A35522AD54E7600DB4159 /* EssentialFeedPracticeiOS.framework in Embed Frameworks */ = {isa = PBXBuildFile; fileRef = BE3A354E2AD54E7600DB4159 /* EssentialFeedPracticeiOS.framework */; settings = {ATTRIBUTES = (CodeSignOnCopy, RemoveHeadersOnCopy, ); }; };
		BE82A8D82AD6B6DC00CA1D3E /* FeedLoaderWithFallbackComposite.swift in Sources */ = {isa = PBXBuildFile; fileRef = BE82A8D72AD6B6DC00CA1D3E /* FeedLoaderWithFallbackComposite.swift */; };
		BE82A8DA2AD6C9E100CA1D3E /* FeedImageDataLoaderWithFallbackCompositeTests.swift in Sources */ = {isa = PBXBuildFile; fileRef = BE82A8D92AD6C9E100CA1D3E /* FeedImageDataLoaderWithFallbackCompositeTests.swift */; };
		BE82A8DC2AD6D98900CA1D3E /* FeedImageDataLoaderWithFallbackComposite.swift in Sources */ = {isa = PBXBuildFile; fileRef = BE82A8DB2AD6D98900CA1D3E /* FeedImageDataLoaderWithFallbackComposite.swift */; };
		BE82A8DF2AD6DA0900CA1D3E /* XCTextCase+MemoryLeakTracking.swift in Sources */ = {isa = PBXBuildFile; fileRef = BE82A8DE2AD6DA0900CA1D3E /* XCTextCase+MemoryLeakTracking.swift */; };
		BE82A8E12AD6DACB00CA1D3E /* CommonHelpers.swift in Sources */ = {isa = PBXBuildFile; fileRef = BE82A8E02AD6DACB00CA1D3E /* CommonHelpers.swift */; };
/* End PBXBuildFile section */

/* Begin PBXContainerItemProxy section */
		BE3A352F2AD54B4800DB4159 /* PBXContainerItemProxy */ = {
			isa = PBXContainerItemProxy;
			containerPortal = BE3A35102AD54B4600DB4159 /* Project object */;
			proxyType = 1;
			remoteGlobalIDString = BE3A35172AD54B4600DB4159;
			remoteInfo = EssentialApp;
		};
/* End PBXContainerItemProxy section */

/* Begin PBXCopyFilesBuildPhase section */
		BE3A35532AD54E7600DB4159 /* Embed Frameworks */ = {
			isa = PBXCopyFilesBuildPhase;
			buildActionMask = 2147483647;
			dstPath = "";
			dstSubfolderSpec = 10;
			files = (
				BE3A35522AD54E7600DB4159 /* EssentialFeedPracticeiOS.framework in Embed Frameworks */,
				BE3A35502AD54E7600DB4159 /* EssentialFeedPractice.framework in Embed Frameworks */,
			);
			name = "Embed Frameworks";
			runOnlyForDeploymentPostprocessing = 0;
		};
/* End PBXCopyFilesBuildPhase section */

/* Begin PBXFileReference section */
		BE20A62B2AD7EE8100F08E09 /* FeedLoaderCacheDecoratorTests.swift */ = {isa = PBXFileReference; lastKnownFileType = sourcecode.swift; path = FeedLoaderCacheDecoratorTests.swift; sourceTree = "<group>"; };
		BE3A35182AD54B4600DB4159 /* EssentialApp.app */ = {isa = PBXFileReference; explicitFileType = wrapper.application; includeInIndex = 0; path = EssentialApp.app; sourceTree = BUILT_PRODUCTS_DIR; };
		BE3A351B2AD54B4600DB4159 /* AppDelegate.swift */ = {isa = PBXFileReference; lastKnownFileType = sourcecode.swift; path = AppDelegate.swift; sourceTree = "<group>"; };
		BE3A351D2AD54B4600DB4159 /* SceneDelegate.swift */ = {isa = PBXFileReference; lastKnownFileType = sourcecode.swift; path = SceneDelegate.swift; sourceTree = "<group>"; };
		BE3A35242AD54B4800DB4159 /* Assets.xcassets */ = {isa = PBXFileReference; lastKnownFileType = folder.assetcatalog; path = Assets.xcassets; sourceTree = "<group>"; };
		BE3A35272AD54B4800DB4159 /* Base */ = {isa = PBXFileReference; lastKnownFileType = file.storyboard; name = Base; path = Base.lproj/LaunchScreen.storyboard; sourceTree = "<group>"; };
		BE3A35292AD54B4800DB4159 /* Info.plist */ = {isa = PBXFileReference; lastKnownFileType = text.plist.xml; path = Info.plist; sourceTree = "<group>"; };
		BE3A352E2AD54B4800DB4159 /* EssentialAppTests.xctest */ = {isa = PBXFileReference; explicitFileType = wrapper.cfbundle; includeInIndex = 0; path = EssentialAppTests.xctest; sourceTree = BUILT_PRODUCTS_DIR; };
		BE3A35322AD54B4800DB4159 /* FeedLoaderWithFallbackCompositeTests.swift */ = {isa = PBXFileReference; lastKnownFileType = sourcecode.swift; path = FeedLoaderWithFallbackCompositeTests.swift; sourceTree = "<group>"; };
		BE3A354B2AD54CB900DB4159 /* EssentialApp.xctestplan */ = {isa = PBXFileReference; lastKnownFileType = text; path = EssentialApp.xctestplan; sourceTree = "<group>"; };
		BE3A354D2AD54E7600DB4159 /* EssentialFeedPractice.framework */ = {isa = PBXFileReference; explicitFileType = wrapper.framework; path = EssentialFeedPractice.framework; sourceTree = BUILT_PRODUCTS_DIR; };
		BE3A354E2AD54E7600DB4159 /* EssentialFeedPracticeiOS.framework */ = {isa = PBXFileReference; explicitFileType = wrapper.framework; path = EssentialFeedPracticeiOS.framework; sourceTree = BUILT_PRODUCTS_DIR; };
		BE82A8D72AD6B6DC00CA1D3E /* FeedLoaderWithFallbackComposite.swift */ = {isa = PBXFileReference; lastKnownFileType = sourcecode.swift; path = FeedLoaderWithFallbackComposite.swift; sourceTree = "<group>"; };
		BE82A8D92AD6C9E100CA1D3E /* FeedImageDataLoaderWithFallbackCompositeTests.swift */ = {isa = PBXFileReference; lastKnownFileType = sourcecode.swift; path = FeedImageDataLoaderWithFallbackCompositeTests.swift; sourceTree = "<group>"; };
		BE82A8DB2AD6D98900CA1D3E /* FeedImageDataLoaderWithFallbackComposite.swift */ = {isa = PBXFileReference; lastKnownFileType = sourcecode.swift; path = FeedImageDataLoaderWithFallbackComposite.swift; sourceTree = "<group>"; };
		BE82A8DE2AD6DA0900CA1D3E /* XCTextCase+MemoryLeakTracking.swift */ = {isa = PBXFileReference; lastKnownFileType = sourcecode.swift; path = "XCTextCase+MemoryLeakTracking.swift"; sourceTree = "<group>"; };
		BE82A8E02AD6DACB00CA1D3E /* CommonHelpers.swift */ = {isa = PBXFileReference; lastKnownFileType = sourcecode.swift; path = CommonHelpers.swift; sourceTree = "<group>"; };
/* End PBXFileReference section */

/* Begin PBXFrameworksBuildPhase section */
		BE3A35152AD54B4600DB4159 /* Frameworks */ = {
			isa = PBXFrameworksBuildPhase;
			buildActionMask = 2147483647;
			files = (
				BE3A35512AD54E7600DB4159 /* EssentialFeedPracticeiOS.framework in Frameworks */,
				BE3A354F2AD54E7600DB4159 /* EssentialFeedPractice.framework in Frameworks */,
			);
			runOnlyForDeploymentPostprocessing = 0;
		};
		BE3A352B2AD54B4800DB4159 /* Frameworks */ = {
			isa = PBXFrameworksBuildPhase;
			buildActionMask = 2147483647;
			files = (
			);
			runOnlyForDeploymentPostprocessing = 0;
		};
/* End PBXFrameworksBuildPhase section */

/* Begin PBXGroup section */
		BE3A350F2AD54B4600DB4159 = {
			isa = PBXGroup;
			children = (
				BE3A354B2AD54CB900DB4159 /* EssentialApp.xctestplan */,
				BE3A351A2AD54B4600DB4159 /* EssentialApp */,
				BE3A35312AD54B4800DB4159 /* EssentialAppTests */,
				BE3A35192AD54B4600DB4159 /* Products */,
				BE3A354C2AD54E7600DB4159 /* Frameworks */,
			);
			sourceTree = "<group>";
		};
		BE3A35192AD54B4600DB4159 /* Products */ = {
			isa = PBXGroup;
			children = (
				BE3A35182AD54B4600DB4159 /* EssentialApp.app */,
				BE3A352E2AD54B4800DB4159 /* EssentialAppTests.xctest */,
			);
			name = Products;
			sourceTree = "<group>";
		};
		BE3A351A2AD54B4600DB4159 /* EssentialApp */ = {
			isa = PBXGroup;
			children = (
				BE3A351B2AD54B4600DB4159 /* AppDelegate.swift */,
				BE3A351D2AD54B4600DB4159 /* SceneDelegate.swift */,
				BE82A8D72AD6B6DC00CA1D3E /* FeedLoaderWithFallbackComposite.swift */,
				BE82A8DB2AD6D98900CA1D3E /* FeedImageDataLoaderWithFallbackComposite.swift */,
				BE3A35242AD54B4800DB4159 /* Assets.xcassets */,
				BE3A35262AD54B4800DB4159 /* LaunchScreen.storyboard */,
				BE3A35292AD54B4800DB4159 /* Info.plist */,
			);
			path = EssentialApp;
			sourceTree = "<group>";
		};
		BE3A35312AD54B4800DB4159 /* EssentialAppTests */ = {
			isa = PBXGroup;
			children = (
				BE82A8DD2AD6D9E400CA1D3E /* Helpers */,
				BE3A35322AD54B4800DB4159 /* FeedLoaderWithFallbackCompositeTests.swift */,
				BE82A8D92AD6C9E100CA1D3E /* FeedImageDataLoaderWithFallbackCompositeTests.swift */,
				BE20A62B2AD7EE8100F08E09 /* FeedLoaderCacheDecoratorTests.swift */,
			);
			path = EssentialAppTests;
			sourceTree = "<group>";
		};
		BE3A354C2AD54E7600DB4159 /* Frameworks */ = {
			isa = PBXGroup;
			children = (
				BE3A354D2AD54E7600DB4159 /* EssentialFeedPractice.framework */,
				BE3A354E2AD54E7600DB4159 /* EssentialFeedPracticeiOS.framework */,
			);
			name = Frameworks;
			sourceTree = "<group>";
		};
		BE82A8DD2AD6D9E400CA1D3E /* Helpers */ = {
			isa = PBXGroup;
			children = (
				BE82A8E02AD6DACB00CA1D3E /* CommonHelpers.swift */,
				BE82A8DE2AD6DA0900CA1D3E /* XCTextCase+MemoryLeakTracking.swift */,
			);
			path = Helpers;
			sourceTree = "<group>";
		};
/* End PBXGroup section */

/* Begin PBXNativeTarget section */
		BE3A35172AD54B4600DB4159 /* EssentialApp */ = {
			isa = PBXNativeTarget;
			buildConfigurationList = BE3A35422AD54B4800DB4159 /* Build configuration list for PBXNativeTarget "EssentialApp" */;
			buildPhases = (
				BE3A35142AD54B4600DB4159 /* Sources */,
				BE3A35152AD54B4600DB4159 /* Frameworks */,
				BE3A35162AD54B4600DB4159 /* Resources */,
				BE3A35532AD54E7600DB4159 /* Embed Frameworks */,
			);
			buildRules = (
			);
			dependencies = (
			);
			name = EssentialApp;
			productName = EssentialApp;
			productReference = BE3A35182AD54B4600DB4159 /* EssentialApp.app */;
			productType = "com.apple.product-type.application";
		};
		BE3A352D2AD54B4800DB4159 /* EssentialAppTests */ = {
			isa = PBXNativeTarget;
			buildConfigurationList = BE3A35452AD54B4800DB4159 /* Build configuration list for PBXNativeTarget "EssentialAppTests" */;
			buildPhases = (
				BE3A352A2AD54B4800DB4159 /* Sources */,
				BE3A352B2AD54B4800DB4159 /* Frameworks */,
				BE3A352C2AD54B4800DB4159 /* Resources */,
			);
			buildRules = (
			);
			dependencies = (
				BE3A35302AD54B4800DB4159 /* PBXTargetDependency */,
			);
			name = EssentialAppTests;
			productName = EssentialAppTests;
			productReference = BE3A352E2AD54B4800DB4159 /* EssentialAppTests.xctest */;
			productType = "com.apple.product-type.bundle.unit-test";
		};
/* End PBXNativeTarget section */

/* Begin PBXProject section */
		BE3A35102AD54B4600DB4159 /* Project object */ = {
			isa = PBXProject;
			attributes = {
				BuildIndependentTargetsInParallel = 1;
				LastSwiftUpdateCheck = 1500;
				LastUpgradeCheck = 1500;
				TargetAttributes = {
					BE3A35172AD54B4600DB4159 = {
						CreatedOnToolsVersion = 15.0;
					};
					BE3A352D2AD54B4800DB4159 = {
						CreatedOnToolsVersion = 15.0;
						TestTargetID = BE3A35172AD54B4600DB4159;
					};
				};
			};
			buildConfigurationList = BE3A35132AD54B4600DB4159 /* Build configuration list for PBXProject "EssentialApp" */;
			compatibilityVersion = "Xcode 14.0";
			developmentRegion = en;
			hasScannedForEncodings = 0;
			knownRegions = (
				en,
				Base,
			);
			mainGroup = BE3A350F2AD54B4600DB4159;
			productRefGroup = BE3A35192AD54B4600DB4159 /* Products */;
			projectDirPath = "";
			projectRoot = "";
			targets = (
				BE3A35172AD54B4600DB4159 /* EssentialApp */,
				BE3A352D2AD54B4800DB4159 /* EssentialAppTests */,
			);
		};
/* End PBXProject section */

/* Begin PBXResourcesBuildPhase section */
		BE3A35162AD54B4600DB4159 /* Resources */ = {
			isa = PBXResourcesBuildPhase;
			buildActionMask = 2147483647;
			files = (
				BE3A35282AD54B4800DB4159 /* LaunchScreen.storyboard in Resources */,
				BE3A35252AD54B4800DB4159 /* Assets.xcassets in Resources */,
			);
			runOnlyForDeploymentPostprocessing = 0;
		};
		BE3A352C2AD54B4800DB4159 /* Resources */ = {
			isa = PBXResourcesBuildPhase;
			buildActionMask = 2147483647;
			files = (
			);
			runOnlyForDeploymentPostprocessing = 0;
		};
/* End PBXResourcesBuildPhase section */

/* Begin PBXSourcesBuildPhase section */
		BE3A35142AD54B4600DB4159 /* Sources */ = {
			isa = PBXSourcesBuildPhase;
			buildActionMask = 2147483647;
			files = (
				BE82A8DC2AD6D98900CA1D3E /* FeedImageDataLoaderWithFallbackComposite.swift in Sources */,
				BE3A351C2AD54B4600DB4159 /* AppDelegate.swift in Sources */,
				BE82A8D82AD6B6DC00CA1D3E /* FeedLoaderWithFallbackComposite.swift in Sources */,
				BE3A351E2AD54B4600DB4159 /* SceneDelegate.swift in Sources */,
			);
			runOnlyForDeploymentPostprocessing = 0;
		};
		BE3A352A2AD54B4800DB4159 /* Sources */ = {
			isa = PBXSourcesBuildPhase;
			buildActionMask = 2147483647;
			files = (
				BE82A8E12AD6DACB00CA1D3E /* CommonHelpers.swift in Sources */,
				BE20A62C2AD7EE8100F08E09 /* FeedLoaderCacheDecoratorTests.swift in Sources */,
				BE82A8DF2AD6DA0900CA1D3E /* XCTextCase+MemoryLeakTracking.swift in Sources */,
				BE82A8DA2AD6C9E100CA1D3E /* FeedImageDataLoaderWithFallbackCompositeTests.swift in Sources */,
				BE3A35332AD54B4800DB4159 /* FeedLoaderWithFallbackCompositeTests.swift in Sources */,
			);
			runOnlyForDeploymentPostprocessing = 0;
		};
/* End PBXSourcesBuildPhase section */

/* Begin PBXTargetDependency section */
		BE3A35302AD54B4800DB4159 /* PBXTargetDependency */ = {
			isa = PBXTargetDependency;
			target = BE3A35172AD54B4600DB4159 /* EssentialApp */;
			targetProxy = BE3A352F2AD54B4800DB4159 /* PBXContainerItemProxy */;
		};
/* End PBXTargetDependency section */

/* Begin PBXVariantGroup section */
		BE3A35262AD54B4800DB4159 /* LaunchScreen.storyboard */ = {
			isa = PBXVariantGroup;
			children = (
				BE3A35272AD54B4800DB4159 /* Base */,
			);
			name = LaunchScreen.storyboard;
			sourceTree = "<group>";
		};
/* End PBXVariantGroup section */

/* Begin XCBuildConfiguration section */
		BE3A35402AD54B4800DB4159 /* Debug */ = {
			isa = XCBuildConfiguration;
			buildSettings = {
				ALWAYS_SEARCH_USER_PATHS = NO;
				ASSETCATALOG_COMPILER_GENERATE_SWIFT_ASSET_SYMBOL_EXTENSIONS = YES;
				CLANG_ANALYZER_NONNULL = YES;
				CLANG_ANALYZER_NUMBER_OBJECT_CONVERSION = YES_AGGRESSIVE;
				CLANG_CXX_LANGUAGE_STANDARD = "gnu++20";
				CLANG_ENABLE_MODULES = YES;
				CLANG_ENABLE_OBJC_ARC = YES;
				CLANG_ENABLE_OBJC_WEAK = YES;
				CLANG_WARN_BLOCK_CAPTURE_AUTORELEASING = YES;
				CLANG_WARN_BOOL_CONVERSION = YES;
				CLANG_WARN_COMMA = YES;
				CLANG_WARN_CONSTANT_CONVERSION = YES;
				CLANG_WARN_DEPRECATED_OBJC_IMPLEMENTATIONS = YES;
				CLANG_WARN_DIRECT_OBJC_ISA_USAGE = YES_ERROR;
				CLANG_WARN_DOCUMENTATION_COMMENTS = YES;
				CLANG_WARN_EMPTY_BODY = YES;
				CLANG_WARN_ENUM_CONVERSION = YES;
				CLANG_WARN_INFINITE_RECURSION = YES;
				CLANG_WARN_INT_CONVERSION = YES;
				CLANG_WARN_NON_LITERAL_NULL_CONVERSION = YES;
				CLANG_WARN_OBJC_IMPLICIT_RETAIN_SELF = YES;
				CLANG_WARN_OBJC_LITERAL_CONVERSION = YES;
				CLANG_WARN_OBJC_ROOT_CLASS = YES_ERROR;
				CLANG_WARN_QUOTED_INCLUDE_IN_FRAMEWORK_HEADER = YES;
				CLANG_WARN_RANGE_LOOP_ANALYSIS = YES;
				CLANG_WARN_STRICT_PROTOTYPES = YES;
				CLANG_WARN_SUSPICIOUS_MOVE = YES;
				CLANG_WARN_UNGUARDED_AVAILABILITY = YES_AGGRESSIVE;
				CLANG_WARN_UNREACHABLE_CODE = YES;
				CLANG_WARN__DUPLICATE_METHOD_MATCH = YES;
				COPY_PHASE_STRIP = NO;
				DEBUG_INFORMATION_FORMAT = dwarf;
				ENABLE_STRICT_OBJC_MSGSEND = YES;
				ENABLE_TESTABILITY = YES;
				ENABLE_USER_SCRIPT_SANDBOXING = YES;
				GCC_C_LANGUAGE_STANDARD = gnu17;
				GCC_DYNAMIC_NO_PIC = NO;
				GCC_NO_COMMON_BLOCKS = YES;
				GCC_OPTIMIZATION_LEVEL = 0;
				GCC_PREPROCESSOR_DEFINITIONS = (
					"DEBUG=1",
					"$(inherited)",
				);
				GCC_WARN_64_TO_32_BIT_CONVERSION = YES;
				GCC_WARN_ABOUT_RETURN_TYPE = YES_ERROR;
				GCC_WARN_UNDECLARED_SELECTOR = YES;
				GCC_WARN_UNINITIALIZED_AUTOS = YES_AGGRESSIVE;
				GCC_WARN_UNUSED_FUNCTION = YES;
				GCC_WARN_UNUSED_VARIABLE = YES;
				IPHONEOS_DEPLOYMENT_TARGET = 16.0;
				LOCALIZATION_PREFERS_STRING_CATALOGS = YES;
				MTL_ENABLE_DEBUG_INFO = INCLUDE_SOURCE;
				MTL_FAST_MATH = YES;
				ONLY_ACTIVE_ARCH = YES;
				SDKROOT = iphoneos;
				SWIFT_ACTIVE_COMPILATION_CONDITIONS = "DEBUG $(inherited)";
				SWIFT_OPTIMIZATION_LEVEL = "-Onone";
			};
			name = Debug;
		};
		BE3A35412AD54B4800DB4159 /* Release */ = {
			isa = XCBuildConfiguration;
			buildSettings = {
				ALWAYS_SEARCH_USER_PATHS = NO;
				ASSETCATALOG_COMPILER_GENERATE_SWIFT_ASSET_SYMBOL_EXTENSIONS = YES;
				CLANG_ANALYZER_NONNULL = YES;
				CLANG_ANALYZER_NUMBER_OBJECT_CONVERSION = YES_AGGRESSIVE;
				CLANG_CXX_LANGUAGE_STANDARD = "gnu++20";
				CLANG_ENABLE_MODULES = YES;
				CLANG_ENABLE_OBJC_ARC = YES;
				CLANG_ENABLE_OBJC_WEAK = YES;
				CLANG_WARN_BLOCK_CAPTURE_AUTORELEASING = YES;
				CLANG_WARN_BOOL_CONVERSION = YES;
				CLANG_WARN_COMMA = YES;
				CLANG_WARN_CONSTANT_CONVERSION = YES;
				CLANG_WARN_DEPRECATED_OBJC_IMPLEMENTATIONS = YES;
				CLANG_WARN_DIRECT_OBJC_ISA_USAGE = YES_ERROR;
				CLANG_WARN_DOCUMENTATION_COMMENTS = YES;
				CLANG_WARN_EMPTY_BODY = YES;
				CLANG_WARN_ENUM_CONVERSION = YES;
				CLANG_WARN_INFINITE_RECURSION = YES;
				CLANG_WARN_INT_CONVERSION = YES;
				CLANG_WARN_NON_LITERAL_NULL_CONVERSION = YES;
				CLANG_WARN_OBJC_IMPLICIT_RETAIN_SELF = YES;
				CLANG_WARN_OBJC_LITERAL_CONVERSION = YES;
				CLANG_WARN_OBJC_ROOT_CLASS = YES_ERROR;
				CLANG_WARN_QUOTED_INCLUDE_IN_FRAMEWORK_HEADER = YES;
				CLANG_WARN_RANGE_LOOP_ANALYSIS = YES;
				CLANG_WARN_STRICT_PROTOTYPES = YES;
				CLANG_WARN_SUSPICIOUS_MOVE = YES;
				CLANG_WARN_UNGUARDED_AVAILABILITY = YES_AGGRESSIVE;
				CLANG_WARN_UNREACHABLE_CODE = YES;
				CLANG_WARN__DUPLICATE_METHOD_MATCH = YES;
				COPY_PHASE_STRIP = NO;
				DEBUG_INFORMATION_FORMAT = "dwarf-with-dsym";
				ENABLE_NS_ASSERTIONS = NO;
				ENABLE_STRICT_OBJC_MSGSEND = YES;
				ENABLE_USER_SCRIPT_SANDBOXING = YES;
				GCC_C_LANGUAGE_STANDARD = gnu17;
				GCC_NO_COMMON_BLOCKS = YES;
				GCC_WARN_64_TO_32_BIT_CONVERSION = YES;
				GCC_WARN_ABOUT_RETURN_TYPE = YES_ERROR;
				GCC_WARN_UNDECLARED_SELECTOR = YES;
				GCC_WARN_UNINITIALIZED_AUTOS = YES_AGGRESSIVE;
				GCC_WARN_UNUSED_FUNCTION = YES;
				GCC_WARN_UNUSED_VARIABLE = YES;
				IPHONEOS_DEPLOYMENT_TARGET = 16.0;
				LOCALIZATION_PREFERS_STRING_CATALOGS = YES;
				MTL_ENABLE_DEBUG_INFO = NO;
				MTL_FAST_MATH = YES;
				SDKROOT = iphoneos;
				SWIFT_COMPILATION_MODE = wholemodule;
				VALIDATE_PRODUCT = YES;
			};
			name = Release;
		};
		BE3A35432AD54B4800DB4159 /* Debug */ = {
			isa = XCBuildConfiguration;
			buildSettings = {
				ASSETCATALOG_COMPILER_APPICON_NAME = AppIcon;
				ASSETCATALOG_COMPILER_GLOBAL_ACCENT_COLOR_NAME = AccentColor;
				CODE_SIGN_STYLE = Automatic;
				CURRENT_PROJECT_VERSION = 1;
				DEVELOPMENT_TEAM = DV4M5VPD3C;
				GENERATE_INFOPLIST_FILE = YES;
				INFOPLIST_FILE = EssentialApp/Info.plist;
				INFOPLIST_KEY_UIApplicationSupportsIndirectInputEvents = YES;
				INFOPLIST_KEY_UILaunchStoryboardName = LaunchScreen;
				INFOPLIST_KEY_UISupportedInterfaceOrientations = UIInterfaceOrientationPortrait;
				INFOPLIST_KEY_UISupportedInterfaceOrientations_iPad = "UIInterfaceOrientationLandscapeLeft UIInterfaceOrientationLandscapeRight UIInterfaceOrientationPortrait UIInterfaceOrientationPortraitUpsideDown";
				IPHONEOS_DEPLOYMENT_TARGET = 16.0;
				LD_RUNPATH_SEARCH_PATHS = (
					"$(inherited)",
					"@executable_path/Frameworks",
				);
				MARKETING_VERSION = 1.0;
				PRODUCT_BUNDLE_IDENTIFIER = com.tszlung.EssentialApp;
				PRODUCT_NAME = "$(TARGET_NAME)";
				SUPPORTED_PLATFORMS = "iphoneos iphonesimulator";
				SUPPORTS_MACCATALYST = NO;
				SWIFT_EMIT_LOC_STRINGS = YES;
				SWIFT_VERSION = 5.0;
				TARGETED_DEVICE_FAMILY = 1;
			};
			name = Debug;
		};
		BE3A35442AD54B4800DB4159 /* Release */ = {
			isa = XCBuildConfiguration;
			buildSettings = {
				ASSETCATALOG_COMPILER_APPICON_NAME = AppIcon;
				ASSETCATALOG_COMPILER_GLOBAL_ACCENT_COLOR_NAME = AccentColor;
				CODE_SIGN_STYLE = Automatic;
				CURRENT_PROJECT_VERSION = 1;
				DEVELOPMENT_TEAM = DV4M5VPD3C;
				GENERATE_INFOPLIST_FILE = YES;
				INFOPLIST_FILE = EssentialApp/Info.plist;
				INFOPLIST_KEY_UIApplicationSupportsIndirectInputEvents = YES;
				INFOPLIST_KEY_UILaunchStoryboardName = LaunchScreen;
				INFOPLIST_KEY_UISupportedInterfaceOrientations = UIInterfaceOrientationPortrait;
				INFOPLIST_KEY_UISupportedInterfaceOrientations_iPad = "UIInterfaceOrientationLandscapeLeft UIInterfaceOrientationLandscapeRight UIInterfaceOrientationPortrait UIInterfaceOrientationPortraitUpsideDown";
				IPHONEOS_DEPLOYMENT_TARGET = 16.0;
				LD_RUNPATH_SEARCH_PATHS = (
					"$(inherited)",
					"@executable_path/Frameworks",
				);
				MARKETING_VERSION = 1.0;
				PRODUCT_BUNDLE_IDENTIFIER = com.tszlung.EssentialApp;
				PRODUCT_NAME = "$(TARGET_NAME)";
				SUPPORTED_PLATFORMS = "iphoneos iphonesimulator";
				SUPPORTS_MACCATALYST = NO;
				SWIFT_EMIT_LOC_STRINGS = YES;
				SWIFT_VERSION = 5.0;
				TARGETED_DEVICE_FAMILY = 1;
			};
			name = Release;
		};
		BE3A35462AD54B4800DB4159 /* Debug */ = {
			isa = XCBuildConfiguration;
			buildSettings = {
				ALWAYS_EMBED_SWIFT_STANDARD_LIBRARIES = YES;
				BUNDLE_LOADER = "$(TEST_HOST)";
				CODE_SIGN_STYLE = Automatic;
				CURRENT_PROJECT_VERSION = 1;
				DEVELOPMENT_TEAM = DV4M5VPD3C;
				GENERATE_INFOPLIST_FILE = YES;
				IPHONEOS_DEPLOYMENT_TARGET = 16.0;
				MARKETING_VERSION = 1.0;
				PRODUCT_BUNDLE_IDENTIFIER = com.tszlung.EssentialAppTests;
				PRODUCT_NAME = "$(TARGET_NAME)";
				SUPPORTED_PLATFORMS = "iphoneos iphonesimulator";
				SUPPORTS_MACCATALYST = NO;
				SWIFT_EMIT_LOC_STRINGS = NO;
				SWIFT_VERSION = 5.0;
				TARGETED_DEVICE_FAMILY = 1;
				TEST_HOST = "$(BUILT_PRODUCTS_DIR)/EssentialApp.app/$(BUNDLE_EXECUTABLE_FOLDER_PATH)/EssentialApp";
			};
			name = Debug;
		};
		BE3A35472AD54B4800DB4159 /* Release */ = {
			isa = XCBuildConfiguration;
			buildSettings = {
				ALWAYS_EMBED_SWIFT_STANDARD_LIBRARIES = YES;
				BUNDLE_LOADER = "$(TEST_HOST)";
				CODE_SIGN_STYLE = Automatic;
				CURRENT_PROJECT_VERSION = 1;
				DEVELOPMENT_TEAM = DV4M5VPD3C;
				GENERATE_INFOPLIST_FILE = YES;
				IPHONEOS_DEPLOYMENT_TARGET = 16.0;
				MARKETING_VERSION = 1.0;
				PRODUCT_BUNDLE_IDENTIFIER = com.tszlung.EssentialAppTests;
				PRODUCT_NAME = "$(TARGET_NAME)";
				SUPPORTED_PLATFORMS = "iphoneos iphonesimulator";
				SUPPORTS_MACCATALYST = NO;
				SWIFT_EMIT_LOC_STRINGS = NO;
				SWIFT_VERSION = 5.0;
				TARGETED_DEVICE_FAMILY = 1;
				TEST_HOST = "$(BUILT_PRODUCTS_DIR)/EssentialApp.app/$(BUNDLE_EXECUTABLE_FOLDER_PATH)/EssentialApp";
			};
			name = Release;
		};
/* End XCBuildConfiguration section */

/* Begin XCConfigurationList section */
		BE3A35132AD54B4600DB4159 /* Build configuration list for PBXProject "EssentialApp" */ = {
			isa = XCConfigurationList;
			buildConfigurations = (
				BE3A35402AD54B4800DB4159 /* Debug */,
				BE3A35412AD54B4800DB4159 /* Release */,
			);
			defaultConfigurationIsVisible = 0;
			defaultConfigurationName = Release;
		};
		BE3A35422AD54B4800DB4159 /* Build configuration list for PBXNativeTarget "EssentialApp" */ = {
			isa = XCConfigurationList;
			buildConfigurations = (
				BE3A35432AD54B4800DB4159 /* Debug */,
				BE3A35442AD54B4800DB4159 /* Release */,
			);
			defaultConfigurationIsVisible = 0;
			defaultConfigurationName = Release;
		};
		BE3A35452AD54B4800DB4159 /* Build configuration list for PBXNativeTarget "EssentialAppTests" */ = {
			isa = XCConfigurationList;
			buildConfigurations = (
				BE3A35462AD54B4800DB4159 /* Debug */,
				BE3A35472AD54B4800DB4159 /* Release */,
			);
			defaultConfigurationIsVisible = 0;
			defaultConfigurationName = Release;
		};
/* End XCConfigurationList section */
	};
	rootObject = BE3A35102AD54B4600DB4159 /* Project object */;
}
