// !$*UTF8*$!
{
	archiveVersion = 1;
	classes = {
	};
	objectVersion = 56;
	objects = {

/* Begin PBXBuildFile section */
		BE1AF4312AB497B900120182 /* EssentialFeedPracticeCacheIntegrationTests.swift in Sources */ = {isa = PBXBuildFile; fileRef = BE1AF4302AB497B900120182 /* EssentialFeedPracticeCacheIntegrationTests.swift */; };
		BE1AF4322AB497B900120182 /* EssentialFeedPractice.framework in Frameworks */ = {isa = PBXBuildFile; fileRef = BE6989322AADC8430038B32C /* EssentialFeedPractice.framework */; };
		BE1AF4392AB49AB400120182 /* XCTestCase+MemoryLeakTracking.swift in Sources */ = {isa = PBXBuildFile; fileRef = BE680F4F2AAF0F2200F90355 /* XCTestCase+MemoryLeakTracking.swift */; };
		BE1AF43A2AB49DCF00120182 /* CommonHelpers.swift in Sources */ = {isa = PBXBuildFile; fileRef = BEC19CDE2AAF5C1A00926CD2 /* CommonHelpers.swift */; };
		BE248B6E2ABC5151008EDB4E /* EssentialFeedPracticeiOS.framework in Frameworks */ = {isa = PBXBuildFile; fileRef = BE248B662ABC5151008EDB4E /* EssentialFeedPracticeiOS.framework */; };
		BE248B732ABC5151008EDB4E /* FeedViewControllerTests.swift in Sources */ = {isa = PBXBuildFile; fileRef = BE248B722ABC5151008EDB4E /* FeedViewControllerTests.swift */; };
		BE2499F52AAF31A700C2FF25 /* FeedStore.swift in Sources */ = {isa = PBXBuildFile; fileRef = BE2499F42AAF31A700C2FF25 /* FeedStore.swift */; };
		BE2499F82AAF323D00C2FF25 /* LocalFeedLoader.swift in Sources */ = {isa = PBXBuildFile; fileRef = BE2499F72AAF323D00C2FF25 /* LocalFeedLoader.swift */; };
		BE2499FA2AAF329E00C2FF25 /* FeedStoreSpy.swift in Sources */ = {isa = PBXBuildFile; fileRef = BE2499F92AAF329E00C2FF25 /* FeedStoreSpy.swift */; };
		BE680F502AAF0F2200F90355 /* XCTestCase+MemoryLeakTracking.swift in Sources */ = {isa = PBXBuildFile; fileRef = BE680F4F2AAF0F2200F90355 /* XCTestCase+MemoryLeakTracking.swift */; };
		BE69893B2AADC8430038B32C /* EssentialFeedPractice.framework in Frameworks */ = {isa = PBXBuildFile; fileRef = BE6989322AADC8430038B32C /* EssentialFeedPractice.framework */; };
		BE6989402AADC8430038B32C /* CacheFeedUseCaseTests.swift in Sources */ = {isa = PBXBuildFile; fileRef = BE69893F2AADC8430038B32C /* CacheFeedUseCaseTests.swift */; };
		BE69894B2AADC9740038B32C /* FeedImage.swift in Sources */ = {isa = PBXBuildFile; fileRef = BE69894A2AADC9740038B32C /* FeedImage.swift */; };
		BE69894D2AADD09C0038B32C /* FeedLoader.swift in Sources */ = {isa = PBXBuildFile; fileRef = BE69894C2AADD09C0038B32C /* FeedLoader.swift */; };
		BE70B1E62AB9932500F30F90 /* EssentialFeedPracticeAPIEndToEndTests.swift in Sources */ = {isa = PBXBuildFile; fileRef = BE70B1E52AB9932500F30F90 /* EssentialFeedPracticeAPIEndToEndTests.swift */; };
		BE70B1E72AB9932500F30F90 /* EssentialFeedPractice.framework in Frameworks */ = {isa = PBXBuildFile; fileRef = BE6989322AADC8430038B32C /* EssentialFeedPractice.framework */; };
		BE70B1EF2AB99D8000F30F90 /* XCTestCase+MemoryLeakTracking.swift in Sources */ = {isa = PBXBuildFile; fileRef = BE680F4F2AAF0F2200F90355 /* XCTestCase+MemoryLeakTracking.swift */; };
		BE7916652AB446F3001B4C48 /* ManagedCache.swift in Sources */ = {isa = PBXBuildFile; fileRef = BE7916642AB446F3001B4C48 /* ManagedCache.swift */; };
		BE7916672AB44716001B4C48 /* ManagedFeedImage.swift in Sources */ = {isa = PBXBuildFile; fileRef = BE7916662AB44716001B4C48 /* ManagedFeedImage.swift */; };
		BE79166B2AB45C3C001B4C48 /* MethodSwizzlingStub.swift in Sources */ = {isa = PBXBuildFile; fileRef = BE79166A2AB45C3C001B4C48 /* MethodSwizzlingStub.swift */; };
		BE87E8BA2AB3054500E04245 /* FeedStoreSpecs.swift in Sources */ = {isa = PBXBuildFile; fileRef = BE87E8B92AB3054500E04245 /* FeedStoreSpecs.swift */; };
		BE87E8BC2AB3063F00E04245 /* XCTestCase+FeedStoreSpecs.swift in Sources */ = {isa = PBXBuildFile; fileRef = BE87E8BB2AB3063F00E04245 /* XCTestCase+FeedStoreSpecs.swift */; };
		BE87E8BE2AB30E9000E04245 /* XCTestCase+FailableRetrieveFeedStoreSpecs.swift in Sources */ = {isa = PBXBuildFile; fileRef = BE87E8BD2AB30E9000E04245 /* XCTestCase+FailableRetrieveFeedStoreSpecs.swift */; };
		BE87E8C02AB3100300E04245 /* XCTestCase+FailableInsertFeedStoreSpecs.swift in Sources */ = {isa = PBXBuildFile; fileRef = BE87E8BF2AB3100300E04245 /* XCTestCase+FailableInsertFeedStoreSpecs.swift */; };
		BE87E8C22AB311A400E04245 /* XCTestCase+FailableDeleteFeedStoreSpecs.swift in Sources */ = {isa = PBXBuildFile; fileRef = BE87E8C12AB311A400E04245 /* XCTestCase+FailableDeleteFeedStoreSpecs.swift */; };
		BE87E8C52AB32FF800E04245 /* CoreDataFeedStoreTests.swift in Sources */ = {isa = PBXBuildFile; fileRef = BE87E8C42AB32FF800E04245 /* CoreDataFeedStoreTests.swift */; };
		BE87E8C82AB332C200E04245 /* FeedStore.xcdatamodeld in Sources */ = {isa = PBXBuildFile; fileRef = BE87E8C62AB332C100E04245 /* FeedStore.xcdatamodeld */; };
		BE87E8CA2AB3358800E04245 /* CoreDataFeedStore.swift in Sources */ = {isa = PBXBuildFile; fileRef = BE87E8C92AB3358800E04245 /* CoreDataFeedStore.swift */; };
		BE910DF12AB84C77000BC634 /* URLSessionHTTPClient.swift in Sources */ = {isa = PBXBuildFile; fileRef = BE910DF02AB84C77000BC634 /* URLSessionHTTPClient.swift */; };
		BE910DF32AB84D37000BC634 /* HTTPClient.swift in Sources */ = {isa = PBXBuildFile; fileRef = BE910DF22AB84D37000BC634 /* HTTPClient.swift */; };
		BE910DF52AB8858C000BC634 /* LoadFeedFromRemoteUseCaseTests.swift in Sources */ = {isa = PBXBuildFile; fileRef = BE910DF42AB8858C000BC634 /* LoadFeedFromRemoteUseCaseTests.swift */; };
		BE91D3452AB05C56009B1EC2 /* ValidateFeedCacheUseCaseTests.swift in Sources */ = {isa = PBXBuildFile; fileRef = BE91D3442AB05C56009B1EC2 /* ValidateFeedCacheUseCaseTests.swift */; };
		BE91D3472AB06119009B1EC2 /* Date+TestHelpers.swift in Sources */ = {isa = PBXBuildFile; fileRef = BE91D3462AB06119009B1EC2 /* Date+TestHelpers.swift */; };
		BE9CA3F02AAF77540000AA0B /* FeedCachePolicy.swift in Sources */ = {isa = PBXBuildFile; fileRef = BE9CA3EF2AAF77540000AA0B /* FeedCachePolicy.swift */; };
		BEB6B99D2AB895FB00DB5560 /* HTTPURLResponse+ConvenienceInit.swift in Sources */ = {isa = PBXBuildFile; fileRef = BEB6B99C2AB895FB00DB5560 /* HTTPURLResponse+ConvenienceInit.swift */; };
		BEB6B99F2AB8AFCE00DB5560 /* RemoteFeedLoader.swift in Sources */ = {isa = PBXBuildFile; fileRef = BEB6B99E2AB8AFCE00DB5560 /* RemoteFeedLoader.swift */; };
		BEB6B9A12AB8B41000DB5560 /* RemoteFeedItemsMapper.swift in Sources */ = {isa = PBXBuildFile; fileRef = BEB6B9A02AB8B41000DB5560 /* RemoteFeedItemsMapper.swift */; };
		BEB6B9A32AB8C2D900DB5560 /* RemoteFeedImage.swift in Sources */ = {isa = PBXBuildFile; fileRef = BEB6B9A22AB8C2D900DB5560 /* RemoteFeedImage.swift */; };
		BEC19CDA2AAF49A200926CD2 /* LocalFeedImage.swift in Sources */ = {isa = PBXBuildFile; fileRef = BEC19CD92AAF49A200926CD2 /* LocalFeedImage.swift */; };
		BEC19CDD2AAF551900926CD2 /* LoadFeedFromCacheUseCaseTests.swift in Sources */ = {isa = PBXBuildFile; fileRef = BEC19CDC2AAF551900926CD2 /* LoadFeedFromCacheUseCaseTests.swift */; };
		BEC19CDF2AAF5C1A00926CD2 /* CommonHelpers.swift in Sources */ = {isa = PBXBuildFile; fileRef = BEC19CDE2AAF5C1A00926CD2 /* CommonHelpers.swift */; };
		BEE03CC32AB72A5A00C60F6D /* URLSessionHTTPClientTests.swift in Sources */ = {isa = PBXBuildFile; fileRef = BEE03CC22AB72A5A00C60F6D /* URLSessionHTTPClientTests.swift */; };
/* End PBXBuildFile section */

/* Begin PBXContainerItemProxy section */
		BE1AF4332AB497B900120182 /* PBXContainerItemProxy */ = {
			isa = PBXContainerItemProxy;
			containerPortal = BE6989292AADC8430038B32C /* Project object */;
			proxyType = 1;
			remoteGlobalIDString = BE6989312AADC8430038B32C;
			remoteInfo = EssentialFeedPractice;
		};
		BE248B6F2ABC5151008EDB4E /* PBXContainerItemProxy */ = {
			isa = PBXContainerItemProxy;
			containerPortal = BE6989292AADC8430038B32C /* Project object */;
			proxyType = 1;
			remoteGlobalIDString = BE248B652ABC5151008EDB4E;
			remoteInfo = EssentialFeedPracticeiOS;
		};
		BE69893C2AADC8430038B32C /* PBXContainerItemProxy */ = {
			isa = PBXContainerItemProxy;
			containerPortal = BE6989292AADC8430038B32C /* Project object */;
			proxyType = 1;
			remoteGlobalIDString = BE6989312AADC8430038B32C;
			remoteInfo = EssentialFeedPractice;
		};
		BE70B1E82AB9932500F30F90 /* PBXContainerItemProxy */ = {
			isa = PBXContainerItemProxy;
			containerPortal = BE6989292AADC8430038B32C /* Project object */;
			proxyType = 1;
			remoteGlobalIDString = BE6989312AADC8430038B32C;
			remoteInfo = EssentialFeedPractice;
		};
/* End PBXContainerItemProxy section */

/* Begin PBXFileReference section */
		BE1AF42E2AB497B900120182 /* EssentialFeedPracticeCacheIntegrationTests.xctest */ = {isa = PBXFileReference; explicitFileType = wrapper.cfbundle; includeInIndex = 0; path = EssentialFeedPracticeCacheIntegrationTests.xctest; sourceTree = BUILT_PRODUCTS_DIR; };
		BE1AF4302AB497B900120182 /* EssentialFeedPracticeCacheIntegrationTests.swift */ = {isa = PBXFileReference; lastKnownFileType = sourcecode.swift; path = EssentialFeedPracticeCacheIntegrationTests.swift; sourceTree = "<group>"; };
		BE1AF4382AB497F900120182 /* EssentialFeedPracticeCacheIntegrationTests.xctestplan */ = {isa = PBXFileReference; lastKnownFileType = text; path = EssentialFeedPracticeCacheIntegrationTests.xctestplan; sourceTree = "<group>"; };
		BE248B662ABC5151008EDB4E /* EssentialFeedPracticeiOS.framework */ = {isa = PBXFileReference; explicitFileType = wrapper.framework; includeInIndex = 0; path = EssentialFeedPracticeiOS.framework; sourceTree = BUILT_PRODUCTS_DIR; };
		BE248B6D2ABC5151008EDB4E /* EssentialFeedPracticeiOSTests.xctest */ = {isa = PBXFileReference; explicitFileType = wrapper.cfbundle; includeInIndex = 0; path = EssentialFeedPracticeiOSTests.xctest; sourceTree = BUILT_PRODUCTS_DIR; };
		BE248B722ABC5151008EDB4E /* FeedViewControllerTests.swift */ = {isa = PBXFileReference; lastKnownFileType = sourcecode.swift; path = FeedViewControllerTests.swift; sourceTree = "<group>"; };
		BE248B7B2ABC51EE008EDB4E /* EssentialFeedPracticeiOS.xctestplan */ = {isa = PBXFileReference; lastKnownFileType = text; path = EssentialFeedPracticeiOS.xctestplan; sourceTree = "<group>"; };
		BE248B7C2ABC53A8008EDB4E /* iOS_CI.xctestplan */ = {isa = PBXFileReference; lastKnownFileType = text; path = iOS_CI.xctestplan; sourceTree = SOURCE_ROOT; };
		BE2499F42AAF31A700C2FF25 /* FeedStore.swift */ = {isa = PBXFileReference; lastKnownFileType = sourcecode.swift; path = FeedStore.swift; sourceTree = "<group>"; };
		BE2499F72AAF323D00C2FF25 /* LocalFeedLoader.swift */ = {isa = PBXFileReference; lastKnownFileType = sourcecode.swift; path = LocalFeedLoader.swift; sourceTree = "<group>"; };
		BE2499F92AAF329E00C2FF25 /* FeedStoreSpy.swift */ = {isa = PBXFileReference; lastKnownFileType = sourcecode.swift; path = FeedStoreSpy.swift; sourceTree = "<group>"; };
		BE40972F2AADF4C800BB02CD /* EssentialFeedPracticeTests.xctestplan */ = {isa = PBXFileReference; lastKnownFileType = text; path = EssentialFeedPracticeTests.xctestplan; sourceTree = "<group>"; };
		BE64EA462AB4A74D007FD51B /* macOS_CI.xctestplan */ = {isa = PBXFileReference; lastKnownFileType = text; path = macOS_CI.xctestplan; sourceTree = "<group>"; };
		BE680F4F2AAF0F2200F90355 /* XCTestCase+MemoryLeakTracking.swift */ = {isa = PBXFileReference; fileEncoding = 4; lastKnownFileType = sourcecode.swift; path = "XCTestCase+MemoryLeakTracking.swift"; sourceTree = "<group>"; };
		BE6989322AADC8430038B32C /* EssentialFeedPractice.framework */ = {isa = PBXFileReference; explicitFileType = wrapper.framework; includeInIndex = 0; path = EssentialFeedPractice.framework; sourceTree = BUILT_PRODUCTS_DIR; };
		BE69893A2AADC8430038B32C /* EssentialFeedPracticeTests.xctest */ = {isa = PBXFileReference; explicitFileType = wrapper.cfbundle; includeInIndex = 0; path = EssentialFeedPracticeTests.xctest; sourceTree = BUILT_PRODUCTS_DIR; };
		BE69893F2AADC8430038B32C /* CacheFeedUseCaseTests.swift */ = {isa = PBXFileReference; lastKnownFileType = sourcecode.swift; path = CacheFeedUseCaseTests.swift; sourceTree = "<group>"; };
		BE69894A2AADC9740038B32C /* FeedImage.swift */ = {isa = PBXFileReference; lastKnownFileType = sourcecode.swift; path = FeedImage.swift; sourceTree = "<group>"; };
		BE69894C2AADD09C0038B32C /* FeedLoader.swift */ = {isa = PBXFileReference; lastKnownFileType = sourcecode.swift; path = FeedLoader.swift; sourceTree = "<group>"; };
		BE70B1E32AB9932500F30F90 /* EssentialFeedPracticeAPIEndToEndTests.xctest */ = {isa = PBXFileReference; explicitFileType = wrapper.cfbundle; includeInIndex = 0; path = EssentialFeedPracticeAPIEndToEndTests.xctest; sourceTree = BUILT_PRODUCTS_DIR; };
		BE70B1E52AB9932500F30F90 /* EssentialFeedPracticeAPIEndToEndTests.swift */ = {isa = PBXFileReference; lastKnownFileType = sourcecode.swift; path = EssentialFeedPracticeAPIEndToEndTests.swift; sourceTree = "<group>"; };
		BE70B1ED2AB9935C00F30F90 /* EssentialFeedPracticeAPIEndToEndTests.xctestplan */ = {isa = PBXFileReference; lastKnownFileType = text; path = EssentialFeedPracticeAPIEndToEndTests.xctestplan; sourceTree = "<group>"; };
		BE7916642AB446F3001B4C48 /* ManagedCache.swift */ = {isa = PBXFileReference; lastKnownFileType = sourcecode.swift; path = ManagedCache.swift; sourceTree = "<group>"; };
		BE7916662AB44716001B4C48 /* ManagedFeedImage.swift */ = {isa = PBXFileReference; lastKnownFileType = sourcecode.swift; path = ManagedFeedImage.swift; sourceTree = "<group>"; };
		BE79166A2AB45C3C001B4C48 /* MethodSwizzlingStub.swift */ = {isa = PBXFileReference; lastKnownFileType = sourcecode.swift; path = MethodSwizzlingStub.swift; sourceTree = "<group>"; };
		BE87E8B92AB3054500E04245 /* FeedStoreSpecs.swift */ = {isa = PBXFileReference; lastKnownFileType = sourcecode.swift; path = FeedStoreSpecs.swift; sourceTree = "<group>"; };
		BE87E8BB2AB3063F00E04245 /* XCTestCase+FeedStoreSpecs.swift */ = {isa = PBXFileReference; lastKnownFileType = sourcecode.swift; path = "XCTestCase+FeedStoreSpecs.swift"; sourceTree = "<group>"; };
		BE87E8BD2AB30E9000E04245 /* XCTestCase+FailableRetrieveFeedStoreSpecs.swift */ = {isa = PBXFileReference; lastKnownFileType = sourcecode.swift; path = "XCTestCase+FailableRetrieveFeedStoreSpecs.swift"; sourceTree = "<group>"; };
		BE87E8BF2AB3100300E04245 /* XCTestCase+FailableInsertFeedStoreSpecs.swift */ = {isa = PBXFileReference; lastKnownFileType = sourcecode.swift; path = "XCTestCase+FailableInsertFeedStoreSpecs.swift"; sourceTree = "<group>"; };
		BE87E8C12AB311A400E04245 /* XCTestCase+FailableDeleteFeedStoreSpecs.swift */ = {isa = PBXFileReference; lastKnownFileType = sourcecode.swift; path = "XCTestCase+FailableDeleteFeedStoreSpecs.swift"; sourceTree = "<group>"; };
		BE87E8C42AB32FF800E04245 /* CoreDataFeedStoreTests.swift */ = {isa = PBXFileReference; lastKnownFileType = sourcecode.swift; path = CoreDataFeedStoreTests.swift; sourceTree = "<group>"; };
		BE87E8C72AB332C100E04245 /* FeedStore.xcdatamodel */ = {isa = PBXFileReference; lastKnownFileType = wrapper.xcdatamodel; path = FeedStore.xcdatamodel; sourceTree = "<group>"; };
		BE87E8C92AB3358800E04245 /* CoreDataFeedStore.swift */ = {isa = PBXFileReference; lastKnownFileType = sourcecode.swift; path = CoreDataFeedStore.swift; sourceTree = "<group>"; };
		BE910DF02AB84C77000BC634 /* URLSessionHTTPClient.swift */ = {isa = PBXFileReference; lastKnownFileType = sourcecode.swift; path = URLSessionHTTPClient.swift; sourceTree = "<group>"; };
		BE910DF22AB84D37000BC634 /* HTTPClient.swift */ = {isa = PBXFileReference; lastKnownFileType = sourcecode.swift; path = HTTPClient.swift; sourceTree = "<group>"; };
		BE910DF42AB8858C000BC634 /* LoadFeedFromRemoteUseCaseTests.swift */ = {isa = PBXFileReference; lastKnownFileType = sourcecode.swift; path = LoadFeedFromRemoteUseCaseTests.swift; sourceTree = "<group>"; };
		BE91D3442AB05C56009B1EC2 /* ValidateFeedCacheUseCaseTests.swift */ = {isa = PBXFileReference; lastKnownFileType = sourcecode.swift; path = ValidateFeedCacheUseCaseTests.swift; sourceTree = "<group>"; };
		BE91D3462AB06119009B1EC2 /* Date+TestHelpers.swift */ = {isa = PBXFileReference; lastKnownFileType = sourcecode.swift; path = "Date+TestHelpers.swift"; sourceTree = "<group>"; };
		BE9CA3EF2AAF77540000AA0B /* FeedCachePolicy.swift */ = {isa = PBXFileReference; lastKnownFileType = sourcecode.swift; path = FeedCachePolicy.swift; sourceTree = "<group>"; };
		BEB6B99C2AB895FB00DB5560 /* HTTPURLResponse+ConvenienceInit.swift */ = {isa = PBXFileReference; lastKnownFileType = sourcecode.swift; path = "HTTPURLResponse+ConvenienceInit.swift"; sourceTree = "<group>"; };
		BEB6B99E2AB8AFCE00DB5560 /* RemoteFeedLoader.swift */ = {isa = PBXFileReference; lastKnownFileType = sourcecode.swift; path = RemoteFeedLoader.swift; sourceTree = "<group>"; };
		BEB6B9A02AB8B41000DB5560 /* RemoteFeedItemsMapper.swift */ = {isa = PBXFileReference; lastKnownFileType = sourcecode.swift; path = RemoteFeedItemsMapper.swift; sourceTree = "<group>"; };
		BEB6B9A22AB8C2D900DB5560 /* RemoteFeedImage.swift */ = {isa = PBXFileReference; lastKnownFileType = sourcecode.swift; path = RemoteFeedImage.swift; sourceTree = "<group>"; };
		BEC19CD92AAF49A200926CD2 /* LocalFeedImage.swift */ = {isa = PBXFileReference; lastKnownFileType = sourcecode.swift; path = LocalFeedImage.swift; sourceTree = "<group>"; };
		BEC19CDC2AAF551900926CD2 /* LoadFeedFromCacheUseCaseTests.swift */ = {isa = PBXFileReference; lastKnownFileType = sourcecode.swift; path = LoadFeedFromCacheUseCaseTests.swift; sourceTree = "<group>"; };
		BEC19CDE2AAF5C1A00926CD2 /* CommonHelpers.swift */ = {isa = PBXFileReference; lastKnownFileType = sourcecode.swift; path = CommonHelpers.swift; sourceTree = "<group>"; };
		BEE03CC22AB72A5A00C60F6D /* URLSessionHTTPClientTests.swift */ = {isa = PBXFileReference; lastKnownFileType = sourcecode.swift; path = URLSessionHTTPClientTests.swift; sourceTree = "<group>"; };
/* End PBXFileReference section */

/* Begin PBXFrameworksBuildPhase section */
		BE1AF42B2AB497B900120182 /* Frameworks */ = {
			isa = PBXFrameworksBuildPhase;
			buildActionMask = 2147483647;
			files = (
				BE1AF4322AB497B900120182 /* EssentialFeedPractice.framework in Frameworks */,
			);
			runOnlyForDeploymentPostprocessing = 0;
		};
		BE248B632ABC5151008EDB4E /* Frameworks */ = {
			isa = PBXFrameworksBuildPhase;
			buildActionMask = 2147483647;
			files = (
			);
			runOnlyForDeploymentPostprocessing = 0;
		};
		BE248B6A2ABC5151008EDB4E /* Frameworks */ = {
			isa = PBXFrameworksBuildPhase;
			buildActionMask = 2147483647;
			files = (
				BE248B6E2ABC5151008EDB4E /* EssentialFeedPracticeiOS.framework in Frameworks */,
			);
			runOnlyForDeploymentPostprocessing = 0;
		};
		BE69892F2AADC8430038B32C /* Frameworks */ = {
			isa = PBXFrameworksBuildPhase;
			buildActionMask = 2147483647;
			files = (
			);
			runOnlyForDeploymentPostprocessing = 0;
		};
		BE6989372AADC8430038B32C /* Frameworks */ = {
			isa = PBXFrameworksBuildPhase;
			buildActionMask = 2147483647;
			files = (
				BE69893B2AADC8430038B32C /* EssentialFeedPractice.framework in Frameworks */,
			);
			runOnlyForDeploymentPostprocessing = 0;
		};
		BE70B1E02AB9932500F30F90 /* Frameworks */ = {
			isa = PBXFrameworksBuildPhase;
			buildActionMask = 2147483647;
			files = (
				BE70B1E72AB9932500F30F90 /* EssentialFeedPractice.framework in Frameworks */,
			);
			runOnlyForDeploymentPostprocessing = 0;
		};
/* End PBXFrameworksBuildPhase section */

/* Begin PBXGroup section */
		BE1AF42F2AB497B900120182 /* EssentialFeedPracticeCacheIntegrationTests */ = {
			isa = PBXGroup;
			children = (
				BE1AF4382AB497F900120182 /* EssentialFeedPracticeCacheIntegrationTests.xctestplan */,
				BE1AF4302AB497B900120182 /* EssentialFeedPracticeCacheIntegrationTests.swift */,
			);
			path = EssentialFeedPracticeCacheIntegrationTests;
			sourceTree = "<group>";
		};
		BE248B672ABC5151008EDB4E /* EssentialFeedPracticeiOS */ = {
			isa = PBXGroup;
			children = (
			);
			path = EssentialFeedPracticeiOS;
			sourceTree = "<group>";
		};
		BE248B712ABC5151008EDB4E /* EssentialFeedPracticeiOSTests */ = {
			isa = PBXGroup;
			children = (
				BE248B7B2ABC51EE008EDB4E /* EssentialFeedPracticeiOS.xctestplan */,
				BE248B722ABC5151008EDB4E /* FeedViewControllerTests.swift */,
			);
			path = EssentialFeedPracticeiOSTests;
			sourceTree = "<group>";
		};
		BE2499F62AAF31DB00C2FF25 /* Feed Cache */ = {
			isa = PBXGroup;
			children = (
				BE7916682AB447A1001B4C48 /* Infrastucture */,
				BE2499F72AAF323D00C2FF25 /* LocalFeedLoader.swift */,
				BE2499F42AAF31A700C2FF25 /* FeedStore.swift */,
				BEC19CD92AAF49A200926CD2 /* LocalFeedImage.swift */,
				BE9CA3EF2AAF77540000AA0B /* FeedCachePolicy.swift */,
			);
			path = "Feed Cache";
			sourceTree = "<group>";
		};
		BE680F4C2AAF071100F90355 /* Feed Cache */ = {
			isa = PBXGroup;
			children = (
				BE680F512AAF0F2E00F90355 /* Helpers */,
				BE87E8C32AB312E000E04245 /* FeedStoreSpecs */,
				BE69893F2AADC8430038B32C /* CacheFeedUseCaseTests.swift */,
				BEC19CDC2AAF551900926CD2 /* LoadFeedFromCacheUseCaseTests.swift */,
				BE91D3442AB05C56009B1EC2 /* ValidateFeedCacheUseCaseTests.swift */,
				BE87E8C42AB32FF800E04245 /* CoreDataFeedStoreTests.swift */,
			);
			path = "Feed Cache";
			sourceTree = "<group>";
		};
		BE680F512AAF0F2E00F90355 /* Helpers */ = {
			isa = PBXGroup;
			children = (
				BE2499F92AAF329E00C2FF25 /* FeedStoreSpy.swift */,
				BE91D3462AB06119009B1EC2 /* Date+TestHelpers.swift */,
				BE79166A2AB45C3C001B4C48 /* MethodSwizzlingStub.swift */,
			);
			path = Helpers;
			sourceTree = "<group>";
		};
		BE6989282AADC8430038B32C = {
			isa = PBXGroup;
			children = (
				BE64EA462AB4A74D007FD51B /* macOS_CI.xctestplan */,
				BE248B7C2ABC53A8008EDB4E /* iOS_CI.xctestplan */,
				BE6989342AADC8430038B32C /* EssentialFeedPractice */,
				BE69893E2AADC8430038B32C /* EssentialFeedPracticeTests */,
				BE1AF42F2AB497B900120182 /* EssentialFeedPracticeCacheIntegrationTests */,
				BE70B1E42AB9932500F30F90 /* EssentialFeedPracticeAPIEndToEndTests */,
				BE248B672ABC5151008EDB4E /* EssentialFeedPracticeiOS */,
				BE248B712ABC5151008EDB4E /* EssentialFeedPracticeiOSTests */,
				BE6989332AADC8430038B32C /* Products */,
			);
			sourceTree = "<group>";
		};
		BE6989332AADC8430038B32C /* Products */ = {
			isa = PBXGroup;
			children = (
				BE6989322AADC8430038B32C /* EssentialFeedPractice.framework */,
				BE69893A2AADC8430038B32C /* EssentialFeedPracticeTests.xctest */,
				BE1AF42E2AB497B900120182 /* EssentialFeedPracticeCacheIntegrationTests.xctest */,
				BE70B1E32AB9932500F30F90 /* EssentialFeedPracticeAPIEndToEndTests.xctest */,
				BE248B662ABC5151008EDB4E /* EssentialFeedPracticeiOS.framework */,
				BE248B6D2ABC5151008EDB4E /* EssentialFeedPracticeiOSTests.xctest */,
			);
			name = Products;
			sourceTree = "<group>";
		};
		BE6989342AADC8430038B32C /* EssentialFeedPractice */ = {
			isa = PBXGroup;
			children = (
				BEC19CDB2AAF4A3E00926CD2 /* Feed Feature */,
				BE910DEF2AB84C5E000BC634 /* Feed API */,
				BE2499F62AAF31DB00C2FF25 /* Feed Cache */,
			);
			path = EssentialFeedPractice;
			sourceTree = "<group>";
		};
		BE69893E2AADC8430038B32C /* EssentialFeedPracticeTests */ = {
			isa = PBXGroup;
			children = (
				BE40972F2AADF4C800BB02CD /* EssentialFeedPracticeTests.xctestplan */,
				BEE03CC42AB72AC100C60F6D /* Helpers */,
				BEE03CC12AB72A1C00C60F6D /* Feed API */,
				BE680F4C2AAF071100F90355 /* Feed Cache */,
			);
			path = EssentialFeedPracticeTests;
			sourceTree = "<group>";
		};
		BE70B1E42AB9932500F30F90 /* EssentialFeedPracticeAPIEndToEndTests */ = {
			isa = PBXGroup;
			children = (
				BE70B1ED2AB9935C00F30F90 /* EssentialFeedPracticeAPIEndToEndTests.xctestplan */,
				BE70B1E52AB9932500F30F90 /* EssentialFeedPracticeAPIEndToEndTests.swift */,
			);
			path = EssentialFeedPracticeAPIEndToEndTests;
			sourceTree = "<group>";
		};
		BE7916682AB447A1001B4C48 /* Infrastucture */ = {
			isa = PBXGroup;
			children = (
				BE7916692AB447C1001B4C48 /* CoreData */,
			);
			path = Infrastucture;
			sourceTree = "<group>";
		};
		BE7916692AB447C1001B4C48 /* CoreData */ = {
			isa = PBXGroup;
			children = (
				BE87E8C62AB332C100E04245 /* FeedStore.xcdatamodeld */,
				BE87E8C92AB3358800E04245 /* CoreDataFeedStore.swift */,
				BE7916642AB446F3001B4C48 /* ManagedCache.swift */,
				BE7916662AB44716001B4C48 /* ManagedFeedImage.swift */,
			);
			path = CoreData;
			sourceTree = "<group>";
		};
		BE87E8C32AB312E000E04245 /* FeedStoreSpecs */ = {
			isa = PBXGroup;
			children = (
				BE87E8B92AB3054500E04245 /* FeedStoreSpecs.swift */,
				BE87E8BB2AB3063F00E04245 /* XCTestCase+FeedStoreSpecs.swift */,
				BE87E8BD2AB30E9000E04245 /* XCTestCase+FailableRetrieveFeedStoreSpecs.swift */,
				BE87E8BF2AB3100300E04245 /* XCTestCase+FailableInsertFeedStoreSpecs.swift */,
				BE87E8C12AB311A400E04245 /* XCTestCase+FailableDeleteFeedStoreSpecs.swift */,
			);
			path = FeedStoreSpecs;
			sourceTree = "<group>";
		};
		BE910DEF2AB84C5E000BC634 /* Feed API */ = {
			isa = PBXGroup;
			children = (
				BEB6B99E2AB8AFCE00DB5560 /* RemoteFeedLoader.swift */,
				BEB6B9A02AB8B41000DB5560 /* RemoteFeedItemsMapper.swift */,
				BEB6B9A22AB8C2D900DB5560 /* RemoteFeedImage.swift */,
				BE910DF22AB84D37000BC634 /* HTTPClient.swift */,
				BE910DF02AB84C77000BC634 /* URLSessionHTTPClient.swift */,
			);
			path = "Feed API";
			sourceTree = "<group>";
		};
		BEB6B99B2AB895E000DB5560 /* Helpers */ = {
			isa = PBXGroup;
			children = (
				BEB6B99C2AB895FB00DB5560 /* HTTPURLResponse+ConvenienceInit.swift */,
			);
			path = Helpers;
			sourceTree = "<group>";
		};
		BEC19CDB2AAF4A3E00926CD2 /* Feed Feature */ = {
			isa = PBXGroup;
			children = (
				BE69894A2AADC9740038B32C /* FeedImage.swift */,
				BE69894C2AADD09C0038B32C /* FeedLoader.swift */,
			);
			path = "Feed Feature";
			sourceTree = "<group>";
		};
		BEE03CC12AB72A1C00C60F6D /* Feed API */ = {
			isa = PBXGroup;
			children = (
				BEB6B99B2AB895E000DB5560 /* Helpers */,
				BEE03CC22AB72A5A00C60F6D /* URLSessionHTTPClientTests.swift */,
				BE910DF42AB8858C000BC634 /* LoadFeedFromRemoteUseCaseTests.swift */,
			);
			path = "Feed API";
			sourceTree = "<group>";
		};
		BEE03CC42AB72AC100C60F6D /* Helpers */ = {
			isa = PBXGroup;
			children = (
				BEC19CDE2AAF5C1A00926CD2 /* CommonHelpers.swift */,
				BE680F4F2AAF0F2200F90355 /* XCTestCase+MemoryLeakTracking.swift */,
			);
			path = Helpers;
			sourceTree = "<group>";
		};
/* End PBXGroup section */

/* Begin PBXHeadersBuildPhase section */
		BE248B612ABC5151008EDB4E /* Headers */ = {
			isa = PBXHeadersBuildPhase;
			buildActionMask = 2147483647;
			files = (
			);
			runOnlyForDeploymentPostprocessing = 0;
		};
		BE69892D2AADC8430038B32C /* Headers */ = {
			isa = PBXHeadersBuildPhase;
			buildActionMask = 2147483647;
			files = (
			);
			runOnlyForDeploymentPostprocessing = 0;
		};
/* End PBXHeadersBuildPhase section */

/* Begin PBXNativeTarget section */
		BE1AF42D2AB497B900120182 /* EssentialFeedPracticeCacheIntegrationTests */ = {
			isa = PBXNativeTarget;
			buildConfigurationList = BE1AF4372AB497B900120182 /* Build configuration list for PBXNativeTarget "EssentialFeedPracticeCacheIntegrationTests" */;
			buildPhases = (
				BE1AF42A2AB497B900120182 /* Sources */,
				BE1AF42B2AB497B900120182 /* Frameworks */,
				BE1AF42C2AB497B900120182 /* Resources */,
			);
			buildRules = (
			);
			dependencies = (
				BE1AF4342AB497B900120182 /* PBXTargetDependency */,
			);
			name = EssentialFeedPracticeCacheIntegrationTests;
			productName = EssentialFeedPracticeCacheIntegrationTests;
			productReference = BE1AF42E2AB497B900120182 /* EssentialFeedPracticeCacheIntegrationTests.xctest */;
			productType = "com.apple.product-type.bundle.unit-test";
		};
		BE248B652ABC5151008EDB4E /* EssentialFeedPracticeiOS */ = {
			isa = PBXNativeTarget;
			buildConfigurationList = BE248B792ABC5151008EDB4E /* Build configuration list for PBXNativeTarget "EssentialFeedPracticeiOS" */;
			buildPhases = (
				BE248B612ABC5151008EDB4E /* Headers */,
				BE248B622ABC5151008EDB4E /* Sources */,
				BE248B632ABC5151008EDB4E /* Frameworks */,
				BE248B642ABC5151008EDB4E /* Resources */,
			);
			buildRules = (
			);
			dependencies = (
			);
			name = EssentialFeedPracticeiOS;
			productName = EssentialFeedPracticeiOS;
			productReference = BE248B662ABC5151008EDB4E /* EssentialFeedPracticeiOS.framework */;
			productType = "com.apple.product-type.framework";
		};
		BE248B6C2ABC5151008EDB4E /* EssentialFeedPracticeiOSTests */ = {
			isa = PBXNativeTarget;
			buildConfigurationList = BE248B7A2ABC5151008EDB4E /* Build configuration list for PBXNativeTarget "EssentialFeedPracticeiOSTests" */;
			buildPhases = (
				BE248B692ABC5151008EDB4E /* Sources */,
				BE248B6A2ABC5151008EDB4E /* Frameworks */,
				BE248B6B2ABC5151008EDB4E /* Resources */,
			);
			buildRules = (
			);
			dependencies = (
				BE248B702ABC5151008EDB4E /* PBXTargetDependency */,
			);
			name = EssentialFeedPracticeiOSTests;
			productName = EssentialFeedPracticeiOSTests;
			productReference = BE248B6D2ABC5151008EDB4E /* EssentialFeedPracticeiOSTests.xctest */;
			productType = "com.apple.product-type.bundle.unit-test";
		};
		BE6989312AADC8430038B32C /* EssentialFeedPractice */ = {
			isa = PBXNativeTarget;
			buildConfigurationList = BE6989442AADC8430038B32C /* Build configuration list for PBXNativeTarget "EssentialFeedPractice" */;
			buildPhases = (
				BE69892D2AADC8430038B32C /* Headers */,
				BE69892E2AADC8430038B32C /* Sources */,
				BE69892F2AADC8430038B32C /* Frameworks */,
				BE6989302AADC8430038B32C /* Resources */,
			);
			buildRules = (
			);
			dependencies = (
			);
			name = EssentialFeedPractice;
			productName = EssentialFeedPractice;
			productReference = BE6989322AADC8430038B32C /* EssentialFeedPractice.framework */;
			productType = "com.apple.product-type.framework";
		};
		BE6989392AADC8430038B32C /* EssentialFeedPracticeTests */ = {
			isa = PBXNativeTarget;
			buildConfigurationList = BE6989472AADC8430038B32C /* Build configuration list for PBXNativeTarget "EssentialFeedPracticeTests" */;
			buildPhases = (
				BE6989362AADC8430038B32C /* Sources */,
				BE6989372AADC8430038B32C /* Frameworks */,
				BE6989382AADC8430038B32C /* Resources */,
			);
			buildRules = (
			);
			dependencies = (
				BE69893D2AADC8430038B32C /* PBXTargetDependency */,
			);
			name = EssentialFeedPracticeTests;
			productName = EssentialFeedPracticeTests;
			productReference = BE69893A2AADC8430038B32C /* EssentialFeedPracticeTests.xctest */;
			productType = "com.apple.product-type.bundle.unit-test";
		};
		BE70B1E22AB9932500F30F90 /* EssentialFeedPracticeAPIEndToEndTests */ = {
			isa = PBXNativeTarget;
			buildConfigurationList = BE70B1EC2AB9932500F30F90 /* Build configuration list for PBXNativeTarget "EssentialFeedPracticeAPIEndToEndTests" */;
			buildPhases = (
				BE70B1DF2AB9932500F30F90 /* Sources */,
				BE70B1E02AB9932500F30F90 /* Frameworks */,
				BE70B1E12AB9932500F30F90 /* Resources */,
			);
			buildRules = (
			);
			dependencies = (
				BE70B1E92AB9932500F30F90 /* PBXTargetDependency */,
			);
			name = EssentialFeedPracticeAPIEndToEndTests;
			productName = EssentialFeedPracticeAPIEndToEndTests;
			productReference = BE70B1E32AB9932500F30F90 /* EssentialFeedPracticeAPIEndToEndTests.xctest */;
			productType = "com.apple.product-type.bundle.unit-test";
		};
/* End PBXNativeTarget section */

/* Begin PBXProject section */
		BE6989292AADC8430038B32C /* Project object */ = {
			isa = PBXProject;
			attributes = {
				BuildIndependentTargetsInParallel = 1;
				LastSwiftUpdateCheck = 1500;
				LastUpgradeCheck = 1500;
				TargetAttributes = {
					BE1AF42D2AB497B900120182 = {
						CreatedOnToolsVersion = 14.3.1;
					};
					BE248B652ABC5151008EDB4E = {
						CreatedOnToolsVersion = 15.0;
					};
					BE248B6C2ABC5151008EDB4E = {
						CreatedOnToolsVersion = 15.0;
					};
					BE6989312AADC8430038B32C = {
						CreatedOnToolsVersion = 14.3.1;
						LastSwiftMigration = 1430;
					};
					BE6989392AADC8430038B32C = {
						CreatedOnToolsVersion = 14.3.1;
					};
					BE70B1E22AB9932500F30F90 = {
						CreatedOnToolsVersion = 14.3.1;
					};
				};
			};
			buildConfigurationList = BE69892C2AADC8430038B32C /* Build configuration list for PBXProject "EssentialFeedPractice" */;
			compatibilityVersion = "Xcode 14.0";
			developmentRegion = en;
			hasScannedForEncodings = 0;
			knownRegions = (
				en,
				Base,
			);
			mainGroup = BE6989282AADC8430038B32C;
			productRefGroup = BE6989332AADC8430038B32C /* Products */;
			projectDirPath = "";
			projectRoot = "";
			targets = (
				BE6989312AADC8430038B32C /* EssentialFeedPractice */,
				BE6989392AADC8430038B32C /* EssentialFeedPracticeTests */,
				BE1AF42D2AB497B900120182 /* EssentialFeedPracticeCacheIntegrationTests */,
				BE70B1E22AB9932500F30F90 /* EssentialFeedPracticeAPIEndToEndTests */,
				BE248B652ABC5151008EDB4E /* EssentialFeedPracticeiOS */,
				BE248B6C2ABC5151008EDB4E /* EssentialFeedPracticeiOSTests */,
			);
		};
/* End PBXProject section */

/* Begin PBXResourcesBuildPhase section */
		BE1AF42C2AB497B900120182 /* Resources */ = {
			isa = PBXResourcesBuildPhase;
			buildActionMask = 2147483647;
			files = (
			);
			runOnlyForDeploymentPostprocessing = 0;
		};
		BE248B642ABC5151008EDB4E /* Resources */ = {
			isa = PBXResourcesBuildPhase;
			buildActionMask = 2147483647;
			files = (
			);
			runOnlyForDeploymentPostprocessing = 0;
		};
		BE248B6B2ABC5151008EDB4E /* Resources */ = {
			isa = PBXResourcesBuildPhase;
			buildActionMask = 2147483647;
			files = (
			);
			runOnlyForDeploymentPostprocessing = 0;
		};
		BE6989302AADC8430038B32C /* Resources */ = {
			isa = PBXResourcesBuildPhase;
			buildActionMask = 2147483647;
			files = (
			);
			runOnlyForDeploymentPostprocessing = 0;
		};
		BE6989382AADC8430038B32C /* Resources */ = {
			isa = PBXResourcesBuildPhase;
			buildActionMask = 2147483647;
			files = (
			);
			runOnlyForDeploymentPostprocessing = 0;
		};
		BE70B1E12AB9932500F30F90 /* Resources */ = {
			isa = PBXResourcesBuildPhase;
			buildActionMask = 2147483647;
			files = (
			);
			runOnlyForDeploymentPostprocessing = 0;
		};
/* End PBXResourcesBuildPhase section */

/* Begin PBXSourcesBuildPhase section */
		BE1AF42A2AB497B900120182 /* Sources */ = {
			isa = PBXSourcesBuildPhase;
			buildActionMask = 2147483647;
			files = (
				BE1AF4312AB497B900120182 /* EssentialFeedPracticeCacheIntegrationTests.swift in Sources */,
				BE1AF4392AB49AB400120182 /* XCTestCase+MemoryLeakTracking.swift in Sources */,
				BE1AF43A2AB49DCF00120182 /* CommonHelpers.swift in Sources */,
			);
			runOnlyForDeploymentPostprocessing = 0;
		};
		BE248B622ABC5151008EDB4E /* Sources */ = {
			isa = PBXSourcesBuildPhase;
			buildActionMask = 2147483647;
			files = (
			);
			runOnlyForDeploymentPostprocessing = 0;
		};
		BE248B692ABC5151008EDB4E /* Sources */ = {
			isa = PBXSourcesBuildPhase;
			buildActionMask = 2147483647;
			files = (
				BE248B732ABC5151008EDB4E /* FeedViewControllerTests.swift in Sources */,
			);
			runOnlyForDeploymentPostprocessing = 0;
		};
		BE69892E2AADC8430038B32C /* Sources */ = {
			isa = PBXSourcesBuildPhase;
			buildActionMask = 2147483647;
			files = (
				BE7916652AB446F3001B4C48 /* ManagedCache.swift in Sources */,
				BE69894D2AADD09C0038B32C /* FeedLoader.swift in Sources */,
				BE910DF32AB84D37000BC634 /* HTTPClient.swift in Sources */,
				BE2499F52AAF31A700C2FF25 /* FeedStore.swift in Sources */,
				BE9CA3F02AAF77540000AA0B /* FeedCachePolicy.swift in Sources */,
				BE2499F82AAF323D00C2FF25 /* LocalFeedLoader.swift in Sources */,
				BEC19CDA2AAF49A200926CD2 /* LocalFeedImage.swift in Sources */,
				BEB6B9A32AB8C2D900DB5560 /* RemoteFeedImage.swift in Sources */,
				BEB6B9A12AB8B41000DB5560 /* RemoteFeedItemsMapper.swift in Sources */,
				BE910DF12AB84C77000BC634 /* URLSessionHTTPClient.swift in Sources */,
				BE87E8CA2AB3358800E04245 /* CoreDataFeedStore.swift in Sources */,
				BE69894B2AADC9740038B32C /* FeedImage.swift in Sources */,
				BEB6B99F2AB8AFCE00DB5560 /* RemoteFeedLoader.swift in Sources */,
				BE87E8C82AB332C200E04245 /* FeedStore.xcdatamodeld in Sources */,
				BE7916672AB44716001B4C48 /* ManagedFeedImage.swift in Sources */,
			);
			runOnlyForDeploymentPostprocessing = 0;
		};
		BE6989362AADC8430038B32C /* Sources */ = {
			isa = PBXSourcesBuildPhase;
			buildActionMask = 2147483647;
			files = (
				BE6989402AADC8430038B32C /* CacheFeedUseCaseTests.swift in Sources */,
				BE87E8C22AB311A400E04245 /* XCTestCase+FailableDeleteFeedStoreSpecs.swift in Sources */,
				BE87E8BA2AB3054500E04245 /* FeedStoreSpecs.swift in Sources */,
				BE87E8C02AB3100300E04245 /* XCTestCase+FailableInsertFeedStoreSpecs.swift in Sources */,
				BE91D3472AB06119009B1EC2 /* Date+TestHelpers.swift in Sources */,
				BE87E8BC2AB3063F00E04245 /* XCTestCase+FeedStoreSpecs.swift in Sources */,
				BE87E8C52AB32FF800E04245 /* CoreDataFeedStoreTests.swift in Sources */,
				BEE03CC32AB72A5A00C60F6D /* URLSessionHTTPClientTests.swift in Sources */,
				BE680F502AAF0F2200F90355 /* XCTestCase+MemoryLeakTracking.swift in Sources */,
				BEC19CDD2AAF551900926CD2 /* LoadFeedFromCacheUseCaseTests.swift in Sources */,
				BE79166B2AB45C3C001B4C48 /* MethodSwizzlingStub.swift in Sources */,
				BEC19CDF2AAF5C1A00926CD2 /* CommonHelpers.swift in Sources */,
				BEB6B99D2AB895FB00DB5560 /* HTTPURLResponse+ConvenienceInit.swift in Sources */,
				BE91D3452AB05C56009B1EC2 /* ValidateFeedCacheUseCaseTests.swift in Sources */,
				BE87E8BE2AB30E9000E04245 /* XCTestCase+FailableRetrieveFeedStoreSpecs.swift in Sources */,
				BE2499FA2AAF329E00C2FF25 /* FeedStoreSpy.swift in Sources */,
				BE910DF52AB8858C000BC634 /* LoadFeedFromRemoteUseCaseTests.swift in Sources */,
			);
			runOnlyForDeploymentPostprocessing = 0;
		};
		BE70B1DF2AB9932500F30F90 /* Sources */ = {
			isa = PBXSourcesBuildPhase;
			buildActionMask = 2147483647;
			files = (
				BE70B1E62AB9932500F30F90 /* EssentialFeedPracticeAPIEndToEndTests.swift in Sources */,
				BE70B1EF2AB99D8000F30F90 /* XCTestCase+MemoryLeakTracking.swift in Sources */,
			);
			runOnlyForDeploymentPostprocessing = 0;
		};
/* End PBXSourcesBuildPhase section */

/* Begin PBXTargetDependency section */
		BE1AF4342AB497B900120182 /* PBXTargetDependency */ = {
			isa = PBXTargetDependency;
			target = BE6989312AADC8430038B32C /* EssentialFeedPractice */;
			targetProxy = BE1AF4332AB497B900120182 /* PBXContainerItemProxy */;
		};
		BE248B702ABC5151008EDB4E /* PBXTargetDependency */ = {
			isa = PBXTargetDependency;
			target = BE248B652ABC5151008EDB4E /* EssentialFeedPracticeiOS */;
			targetProxy = BE248B6F2ABC5151008EDB4E /* PBXContainerItemProxy */;
		};
		BE69893D2AADC8430038B32C /* PBXTargetDependency */ = {
			isa = PBXTargetDependency;
			target = BE6989312AADC8430038B32C /* EssentialFeedPractice */;
			targetProxy = BE69893C2AADC8430038B32C /* PBXContainerItemProxy */;
		};
		BE70B1E92AB9932500F30F90 /* PBXTargetDependency */ = {
			isa = PBXTargetDependency;
			target = BE6989312AADC8430038B32C /* EssentialFeedPractice */;
			targetProxy = BE70B1E82AB9932500F30F90 /* PBXContainerItemProxy */;
		};
/* End PBXTargetDependency section */

/* Begin XCBuildConfiguration section */
		BE1AF4352AB497B900120182 /* Debug */ = {
			isa = XCBuildConfiguration;
			buildSettings = {
				"CODE_SIGN_IDENTITY[sdk=macosx*]" = "-";
				CODE_SIGN_STYLE = Automatic;
				CURRENT_PROJECT_VERSION = 1;
				DEAD_CODE_STRIPPING = YES;
				DEVELOPMENT_TEAM = DV4M5VPD3C;
				GENERATE_INFOPLIST_FILE = YES;
				MACOSX_DEPLOYMENT_TARGET = 13.0;
				MARKETING_VERSION = 1.0;
				PRODUCT_BUNDLE_IDENTIFIER = com.tszlung.EssentialFeedPracticeCacheIntegrationTests;
				PRODUCT_NAME = "$(TARGET_NAME)";
				SWIFT_EMIT_LOC_STRINGS = NO;
				SWIFT_VERSION = 5.0;
			};
			name = Debug;
		};
		BE1AF4362AB497B900120182 /* Release */ = {
			isa = XCBuildConfiguration;
			buildSettings = {
				"CODE_SIGN_IDENTITY[sdk=macosx*]" = "-";
				CODE_SIGN_STYLE = Automatic;
				CURRENT_PROJECT_VERSION = 1;
				DEAD_CODE_STRIPPING = YES;
				DEVELOPMENT_TEAM = DV4M5VPD3C;
				GENERATE_INFOPLIST_FILE = YES;
				MACOSX_DEPLOYMENT_TARGET = 13.0;
				MARKETING_VERSION = 1.0;
				PRODUCT_BUNDLE_IDENTIFIER = com.tszlung.EssentialFeedPracticeCacheIntegrationTests;
				PRODUCT_NAME = "$(TARGET_NAME)";
				SWIFT_EMIT_LOC_STRINGS = NO;
				SWIFT_VERSION = 5.0;
			};
			name = Release;
		};
		BE248B752ABC5151008EDB4E /* Debug */ = {
			isa = XCBuildConfiguration;
			buildSettings = {
				ASSETCATALOG_COMPILER_GENERATE_SWIFT_ASSET_SYMBOL_EXTENSIONS = YES;
				CODE_SIGN_IDENTITY = "";
				CODE_SIGN_STYLE = Automatic;
				CURRENT_PROJECT_VERSION = 1;
				DEFINES_MODULE = NO;
				DEVELOPMENT_TEAM = DV4M5VPD3C;
				DYLIB_COMPATIBILITY_VERSION = 1;
				DYLIB_CURRENT_VERSION = 1;
				DYLIB_INSTALL_NAME_BASE = "@rpath";
				ENABLE_MODULE_VERIFIER = YES;
				ENABLE_USER_SCRIPT_SANDBOXING = YES;
				GCC_C_LANGUAGE_STANDARD = gnu17;
				GENERATE_INFOPLIST_FILE = YES;
				INFOPLIST_KEY_NSHumanReadableCopyright = "";
				INSTALL_PATH = "$(LOCAL_LIBRARY_DIR)/Frameworks";
				IPHONEOS_DEPLOYMENT_TARGET = 16.0;
				LD_RUNPATH_SEARCH_PATHS = (
					"$(inherited)",
					"@executable_path/Frameworks",
					"@loader_path/Frameworks",
				);
				LOCALIZATION_PREFERS_STRING_CATALOGS = YES;
				MARKETING_VERSION = 1.0;
				MODULE_VERIFIER_SUPPORTED_LANGUAGES = "objective-c objective-c++";
				MODULE_VERIFIER_SUPPORTED_LANGUAGE_STANDARDS = "gnu17 gnu++20";
				PRODUCT_BUNDLE_IDENTIFIER = com.tszlung.EssentialFeedPracticeiOS;
				PRODUCT_NAME = "$(TARGET_NAME:c99extidentifier)";
				SDKROOT = iphoneos;
				SKIP_INSTALL = YES;
				SUPPORTED_PLATFORMS = "iphoneos iphonesimulator";
				SUPPORTS_MACCATALYST = NO;
				SWIFT_ACTIVE_COMPILATION_CONDITIONS = "DEBUG $(inherited)";
				SWIFT_EMIT_LOC_STRINGS = YES;
				SWIFT_VERSION = 5.0;
				TARGETED_DEVICE_FAMILY = 1;
			};
			name = Debug;
		};
		BE248B762ABC5151008EDB4E /* Release */ = {
			isa = XCBuildConfiguration;
			buildSettings = {
				ASSETCATALOG_COMPILER_GENERATE_SWIFT_ASSET_SYMBOL_EXTENSIONS = YES;
				CODE_SIGN_IDENTITY = "";
				CODE_SIGN_STYLE = Automatic;
				CURRENT_PROJECT_VERSION = 1;
				DEFINES_MODULE = NO;
				DEVELOPMENT_TEAM = DV4M5VPD3C;
				DYLIB_COMPATIBILITY_VERSION = 1;
				DYLIB_CURRENT_VERSION = 1;
				DYLIB_INSTALL_NAME_BASE = "@rpath";
				ENABLE_MODULE_VERIFIER = YES;
				ENABLE_USER_SCRIPT_SANDBOXING = YES;
				GCC_C_LANGUAGE_STANDARD = gnu17;
				GENERATE_INFOPLIST_FILE = YES;
				INFOPLIST_KEY_NSHumanReadableCopyright = "";
				INSTALL_PATH = "$(LOCAL_LIBRARY_DIR)/Frameworks";
				IPHONEOS_DEPLOYMENT_TARGET = 16.0;
				LD_RUNPATH_SEARCH_PATHS = (
					"$(inherited)",
					"@executable_path/Frameworks",
					"@loader_path/Frameworks",
				);
				LOCALIZATION_PREFERS_STRING_CATALOGS = YES;
				MARKETING_VERSION = 1.0;
				MODULE_VERIFIER_SUPPORTED_LANGUAGES = "objective-c objective-c++";
				MODULE_VERIFIER_SUPPORTED_LANGUAGE_STANDARDS = "gnu17 gnu++20";
				PRODUCT_BUNDLE_IDENTIFIER = com.tszlung.EssentialFeedPracticeiOS;
				PRODUCT_NAME = "$(TARGET_NAME:c99extidentifier)";
				SDKROOT = iphoneos;
				SKIP_INSTALL = YES;
				SUPPORTED_PLATFORMS = "iphoneos iphonesimulator";
				SUPPORTS_MACCATALYST = NO;
				SWIFT_EMIT_LOC_STRINGS = YES;
				SWIFT_VERSION = 5.0;
				TARGETED_DEVICE_FAMILY = 1;
				VALIDATE_PRODUCT = YES;
			};
			name = Release;
		};
		BE248B772ABC5151008EDB4E /* Debug */ = {
			isa = XCBuildConfiguration;
			buildSettings = {
				ASSETCATALOG_COMPILER_GENERATE_SWIFT_ASSET_SYMBOL_EXTENSIONS = YES;
				CODE_SIGN_STYLE = Automatic;
				CURRENT_PROJECT_VERSION = 1;
				DEVELOPMENT_TEAM = DV4M5VPD3C;
				ENABLE_USER_SCRIPT_SANDBOXING = YES;
				GCC_C_LANGUAGE_STANDARD = gnu17;
				GENERATE_INFOPLIST_FILE = YES;
				IPHONEOS_DEPLOYMENT_TARGET = 16.0;
				LOCALIZATION_PREFERS_STRING_CATALOGS = YES;
				MARKETING_VERSION = 1.0;
				PRODUCT_BUNDLE_IDENTIFIER = com.tszlung.EssentialFeedPracticeiOSTests;
				PRODUCT_NAME = "$(TARGET_NAME)";
				SDKROOT = iphoneos;
				SUPPORTED_PLATFORMS = "iphoneos iphonesimulator";
				SUPPORTS_MACCATALYST = NO;
				SWIFT_ACTIVE_COMPILATION_CONDITIONS = "DEBUG $(inherited)";
				SWIFT_EMIT_LOC_STRINGS = NO;
				SWIFT_VERSION = 5.0;
				TARGETED_DEVICE_FAMILY = 1;
			};
			name = Debug;
		};
		BE248B782ABC5151008EDB4E /* Release */ = {
			isa = XCBuildConfiguration;
			buildSettings = {
				ASSETCATALOG_COMPILER_GENERATE_SWIFT_ASSET_SYMBOL_EXTENSIONS = YES;
				CODE_SIGN_STYLE = Automatic;
				CURRENT_PROJECT_VERSION = 1;
				DEVELOPMENT_TEAM = DV4M5VPD3C;
				ENABLE_USER_SCRIPT_SANDBOXING = YES;
				GCC_C_LANGUAGE_STANDARD = gnu17;
				GENERATE_INFOPLIST_FILE = YES;
				IPHONEOS_DEPLOYMENT_TARGET = 16.0;
				LOCALIZATION_PREFERS_STRING_CATALOGS = YES;
				MARKETING_VERSION = 1.0;
				PRODUCT_BUNDLE_IDENTIFIER = com.tszlung.EssentialFeedPracticeiOSTests;
				PRODUCT_NAME = "$(TARGET_NAME)";
				SDKROOT = iphoneos;
				SUPPORTED_PLATFORMS = "iphoneos iphonesimulator";
				SUPPORTS_MACCATALYST = NO;
				SWIFT_EMIT_LOC_STRINGS = NO;
				SWIFT_VERSION = 5.0;
				TARGETED_DEVICE_FAMILY = 1;
				VALIDATE_PRODUCT = YES;
			};
			name = Release;
		};
		BE6989422AADC8430038B32C /* Debug */ = {
			isa = XCBuildConfiguration;
			buildSettings = {
				ALWAYS_SEARCH_USER_PATHS = NO;
				CLANG_ANALYZER_NONNULL = YES;
				CLANG_ANALYZER_NUMBER_OBJECT_CONVERSION = YES_AGGRESSIVE;
				CLANG_CXX_LANGUAGE_STANDARD = "gnu++20";
				CLANG_ENABLE_MODULES = YES;
				CLANG_ENABLE_OBJC_ARC = YES;
				CLANG_ENABLE_OBJC_WEAK = YES;
				CLANG_WARN_BLOCK_CAPTURE_AUTORELEASING = YES;
				CLANG_WARN_BOOL_CONVERSION = YES;
				CLANG_WARN_COMMA = YES;
				CLANG_WARN_CONSTANT_CONVERSION = YES;
				CLANG_WARN_DEPRECATED_OBJC_IMPLEMENTATIONS = YES;
				CLANG_WARN_DIRECT_OBJC_ISA_USAGE = YES_ERROR;
				CLANG_WARN_DOCUMENTATION_COMMENTS = YES;
				CLANG_WARN_EMPTY_BODY = YES;
				CLANG_WARN_ENUM_CONVERSION = YES;
				CLANG_WARN_INFINITE_RECURSION = YES;
				CLANG_WARN_INT_CONVERSION = YES;
				CLANG_WARN_NON_LITERAL_NULL_CONVERSION = YES;
				CLANG_WARN_OBJC_IMPLICIT_RETAIN_SELF = YES;
				CLANG_WARN_OBJC_LITERAL_CONVERSION = YES;
				CLANG_WARN_OBJC_ROOT_CLASS = YES_ERROR;
				CLANG_WARN_QUOTED_INCLUDE_IN_FRAMEWORK_HEADER = YES;
				CLANG_WARN_RANGE_LOOP_ANALYSIS = YES;
				CLANG_WARN_STRICT_PROTOTYPES = YES;
				CLANG_WARN_SUSPICIOUS_MOVE = YES;
				CLANG_WARN_UNGUARDED_AVAILABILITY = YES_AGGRESSIVE;
				CLANG_WARN_UNREACHABLE_CODE = YES;
				CLANG_WARN__DUPLICATE_METHOD_MATCH = YES;
				COPY_PHASE_STRIP = NO;
				CURRENT_PROJECT_VERSION = 1;
				DEAD_CODE_STRIPPING = YES;
				DEBUG_INFORMATION_FORMAT = dwarf;
				ENABLE_STRICT_OBJC_MSGSEND = YES;
				ENABLE_TESTABILITY = YES;
				GCC_C_LANGUAGE_STANDARD = gnu11;
				GCC_DYNAMIC_NO_PIC = NO;
				GCC_NO_COMMON_BLOCKS = YES;
				GCC_OPTIMIZATION_LEVEL = 0;
				GCC_PREPROCESSOR_DEFINITIONS = (
					"DEBUG=1",
					"$(inherited)",
				);
				GCC_WARN_64_TO_32_BIT_CONVERSION = YES;
				GCC_WARN_ABOUT_RETURN_TYPE = YES_ERROR;
				GCC_WARN_UNDECLARED_SELECTOR = YES;
				GCC_WARN_UNINITIALIZED_AUTOS = YES_AGGRESSIVE;
				GCC_WARN_UNUSED_FUNCTION = YES;
				GCC_WARN_UNUSED_VARIABLE = YES;
				MACOSX_DEPLOYMENT_TARGET = 13.0;
				MTL_ENABLE_DEBUG_INFO = INCLUDE_SOURCE;
				MTL_FAST_MATH = YES;
				ONLY_ACTIVE_ARCH = YES;
				SDKROOT = macosx;
				SWIFT_ACTIVE_COMPILATION_CONDITIONS = DEBUG;
				SWIFT_OPTIMIZATION_LEVEL = "-Onone";
				VERSIONING_SYSTEM = "apple-generic";
				VERSION_INFO_PREFIX = "";
			};
			name = Debug;
		};
		BE6989432AADC8430038B32C /* Release */ = {
			isa = XCBuildConfiguration;
			buildSettings = {
				ALWAYS_SEARCH_USER_PATHS = NO;
				CLANG_ANALYZER_NONNULL = YES;
				CLANG_ANALYZER_NUMBER_OBJECT_CONVERSION = YES_AGGRESSIVE;
				CLANG_CXX_LANGUAGE_STANDARD = "gnu++20";
				CLANG_ENABLE_MODULES = YES;
				CLANG_ENABLE_OBJC_ARC = YES;
				CLANG_ENABLE_OBJC_WEAK = YES;
				CLANG_WARN_BLOCK_CAPTURE_AUTORELEASING = YES;
				CLANG_WARN_BOOL_CONVERSION = YES;
				CLANG_WARN_COMMA = YES;
				CLANG_WARN_CONSTANT_CONVERSION = YES;
				CLANG_WARN_DEPRECATED_OBJC_IMPLEMENTATIONS = YES;
				CLANG_WARN_DIRECT_OBJC_ISA_USAGE = YES_ERROR;
				CLANG_WARN_DOCUMENTATION_COMMENTS = YES;
				CLANG_WARN_EMPTY_BODY = YES;
				CLANG_WARN_ENUM_CONVERSION = YES;
				CLANG_WARN_INFINITE_RECURSION = YES;
				CLANG_WARN_INT_CONVERSION = YES;
				CLANG_WARN_NON_LITERAL_NULL_CONVERSION = YES;
				CLANG_WARN_OBJC_IMPLICIT_RETAIN_SELF = YES;
				CLANG_WARN_OBJC_LITERAL_CONVERSION = YES;
				CLANG_WARN_OBJC_ROOT_CLASS = YES_ERROR;
				CLANG_WARN_QUOTED_INCLUDE_IN_FRAMEWORK_HEADER = YES;
				CLANG_WARN_RANGE_LOOP_ANALYSIS = YES;
				CLANG_WARN_STRICT_PROTOTYPES = YES;
				CLANG_WARN_SUSPICIOUS_MOVE = YES;
				CLANG_WARN_UNGUARDED_AVAILABILITY = YES_AGGRESSIVE;
				CLANG_WARN_UNREACHABLE_CODE = YES;
				CLANG_WARN__DUPLICATE_METHOD_MATCH = YES;
				COPY_PHASE_STRIP = NO;
				CURRENT_PROJECT_VERSION = 1;
				DEAD_CODE_STRIPPING = YES;
				DEBUG_INFORMATION_FORMAT = "dwarf-with-dsym";
				ENABLE_NS_ASSERTIONS = NO;
				ENABLE_STRICT_OBJC_MSGSEND = YES;
				GCC_C_LANGUAGE_STANDARD = gnu11;
				GCC_NO_COMMON_BLOCKS = YES;
				GCC_WARN_64_TO_32_BIT_CONVERSION = YES;
				GCC_WARN_ABOUT_RETURN_TYPE = YES_ERROR;
				GCC_WARN_UNDECLARED_SELECTOR = YES;
				GCC_WARN_UNINITIALIZED_AUTOS = YES_AGGRESSIVE;
				GCC_WARN_UNUSED_FUNCTION = YES;
				GCC_WARN_UNUSED_VARIABLE = YES;
				MACOSX_DEPLOYMENT_TARGET = 13.0;
				MTL_ENABLE_DEBUG_INFO = NO;
				MTL_FAST_MATH = YES;
				SDKROOT = macosx;
				SWIFT_COMPILATION_MODE = wholemodule;
				SWIFT_OPTIMIZATION_LEVEL = "-O";
				VERSIONING_SYSTEM = "apple-generic";
				VERSION_INFO_PREFIX = "";
			};
			name = Release;
		};
		BE6989452AADC8430038B32C /* Debug */ = {
			isa = XCBuildConfiguration;
			buildSettings = {
				CLANG_ENABLE_MODULES = YES;
				CODE_SIGN_IDENTITY = "";
				CODE_SIGN_STYLE = Automatic;
				COMBINE_HIDPI_IMAGES = YES;
				CURRENT_PROJECT_VERSION = 1;
				DEAD_CODE_STRIPPING = YES;
				DEFINES_MODULE = YES;
				DEVELOPMENT_TEAM = DV4M5VPD3C;
				DYLIB_COMPATIBILITY_VERSION = 1;
				DYLIB_CURRENT_VERSION = 1;
				DYLIB_INSTALL_NAME_BASE = "@rpath";
				ENABLE_MODULE_VERIFIER = YES;
				GENERATE_INFOPLIST_FILE = YES;
				INFOPLIST_KEY_NSHumanReadableCopyright = "";
				INSTALL_PATH = "$(LOCAL_LIBRARY_DIR)/Frameworks";
				LD_RUNPATH_SEARCH_PATHS = (
					"$(inherited)",
					"@executable_path/../Frameworks",
					"@loader_path/Frameworks",
				);
				MACOSX_DEPLOYMENT_TARGET = 13.0;
				MARKETING_VERSION = 1.0;
				MODULE_VERIFIER_SUPPORTED_LANGUAGES = "objective-c objective-c++";
				MODULE_VERIFIER_SUPPORTED_LANGUAGE_STANDARDS = "gnu11 gnu++20";
				PRODUCT_BUNDLE_IDENTIFIER = com.tszlung.EssentialFeedPractice;
				PRODUCT_NAME = "$(TARGET_NAME:c99extidentifier)";
				SKIP_INSTALL = YES;
				SWIFT_EMIT_LOC_STRINGS = YES;
				SWIFT_OPTIMIZATION_LEVEL = "-Onone";
				SWIFT_VERSION = 5.0;
			};
			name = Debug;
		};
		BE6989462AADC8430038B32C /* Release */ = {
			isa = XCBuildConfiguration;
			buildSettings = {
				CLANG_ENABLE_MODULES = YES;
				CODE_SIGN_IDENTITY = "";
				CODE_SIGN_STYLE = Automatic;
				COMBINE_HIDPI_IMAGES = YES;
				CURRENT_PROJECT_VERSION = 1;
				DEAD_CODE_STRIPPING = YES;
				DEFINES_MODULE = YES;
				DEVELOPMENT_TEAM = DV4M5VPD3C;
				DYLIB_COMPATIBILITY_VERSION = 1;
				DYLIB_CURRENT_VERSION = 1;
				DYLIB_INSTALL_NAME_BASE = "@rpath";
				ENABLE_MODULE_VERIFIER = YES;
				GENERATE_INFOPLIST_FILE = YES;
				INFOPLIST_KEY_NSHumanReadableCopyright = "";
				INSTALL_PATH = "$(LOCAL_LIBRARY_DIR)/Frameworks";
				LD_RUNPATH_SEARCH_PATHS = (
					"$(inherited)",
					"@executable_path/../Frameworks",
					"@loader_path/Frameworks",
				);
				MACOSX_DEPLOYMENT_TARGET = 13.0;
				MARKETING_VERSION = 1.0;
				MODULE_VERIFIER_SUPPORTED_LANGUAGES = "objective-c objective-c++";
				MODULE_VERIFIER_SUPPORTED_LANGUAGE_STANDARDS = "gnu11 gnu++20";
				PRODUCT_BUNDLE_IDENTIFIER = com.tszlung.EssentialFeedPractice;
				PRODUCT_NAME = "$(TARGET_NAME:c99extidentifier)";
				SKIP_INSTALL = YES;
				SWIFT_EMIT_LOC_STRINGS = YES;
				SWIFT_VERSION = 5.0;
			};
			name = Release;
		};
		BE6989482AADC8430038B32C /* Debug */ = {
			isa = XCBuildConfiguration;
			buildSettings = {
				ALWAYS_EMBED_SWIFT_STANDARD_LIBRARIES = YES;
				"CODE_SIGN_IDENTITY[sdk=macosx*]" = "-";
				CODE_SIGN_STYLE = Automatic;
				CURRENT_PROJECT_VERSION = 1;
				DEAD_CODE_STRIPPING = YES;
				DEVELOPMENT_TEAM = DV4M5VPD3C;
				GENERATE_INFOPLIST_FILE = YES;
				MACOSX_DEPLOYMENT_TARGET = 13.0;
				MARKETING_VERSION = 1.0;
				PRODUCT_BUNDLE_IDENTIFIER = com.tszlung.EssentialFeedPracticeTests;
				PRODUCT_NAME = "$(TARGET_NAME)";
				SWIFT_EMIT_LOC_STRINGS = NO;
				SWIFT_VERSION = 5.0;
			};
			name = Debug;
		};
		BE6989492AADC8430038B32C /* Release */ = {
			isa = XCBuildConfiguration;
			buildSettings = {
				ALWAYS_EMBED_SWIFT_STANDARD_LIBRARIES = YES;
				"CODE_SIGN_IDENTITY[sdk=macosx*]" = "-";
				CODE_SIGN_STYLE = Automatic;
				CURRENT_PROJECT_VERSION = 1;
				DEAD_CODE_STRIPPING = YES;
				DEVELOPMENT_TEAM = DV4M5VPD3C;
				GENERATE_INFOPLIST_FILE = YES;
				MACOSX_DEPLOYMENT_TARGET = 13.0;
				MARKETING_VERSION = 1.0;
				PRODUCT_BUNDLE_IDENTIFIER = com.tszlung.EssentialFeedPracticeTests;
				PRODUCT_NAME = "$(TARGET_NAME)";
				SWIFT_EMIT_LOC_STRINGS = NO;
				SWIFT_VERSION = 5.0;
			};
			name = Release;
		};
		BE70B1EA2AB9932500F30F90 /* Debug */ = {
			isa = XCBuildConfiguration;
			buildSettings = {
				"CODE_SIGN_IDENTITY[sdk=macosx*]" = "-";
				CODE_SIGN_STYLE = Automatic;
				CURRENT_PROJECT_VERSION = 1;
				DEAD_CODE_STRIPPING = YES;
				DEVELOPMENT_TEAM = DV4M5VPD3C;
				GENERATE_INFOPLIST_FILE = YES;
				MACOSX_DEPLOYMENT_TARGET = 13.0;
				MARKETING_VERSION = 1.0;
				PRODUCT_BUNDLE_IDENTIFIER = com.tszlung.EssentialFeedPracticeAPIEndToEndTests;
				PRODUCT_NAME = "$(TARGET_NAME)";
				SWIFT_EMIT_LOC_STRINGS = NO;
				SWIFT_VERSION = 5.0;
			};
			name = Debug;
		};
		BE70B1EB2AB9932500F30F90 /* Release */ = {
			isa = XCBuildConfiguration;
			buildSettings = {
				"CODE_SIGN_IDENTITY[sdk=macosx*]" = "-";
				CODE_SIGN_STYLE = Automatic;
				CURRENT_PROJECT_VERSION = 1;
				DEAD_CODE_STRIPPING = YES;
				DEVELOPMENT_TEAM = DV4M5VPD3C;
				GENERATE_INFOPLIST_FILE = YES;
				MACOSX_DEPLOYMENT_TARGET = 13.0;
				MARKETING_VERSION = 1.0;
				PRODUCT_BUNDLE_IDENTIFIER = com.tszlung.EssentialFeedPracticeAPIEndToEndTests;
				PRODUCT_NAME = "$(TARGET_NAME)";
				SWIFT_EMIT_LOC_STRINGS = NO;
				SWIFT_VERSION = 5.0;
			};
			name = Release;
		};
/* End XCBuildConfiguration section */

/* Begin XCConfigurationList section */
		BE1AF4372AB497B900120182 /* Build configuration list for PBXNativeTarget "EssentialFeedPracticeCacheIntegrationTests" */ = {
			isa = XCConfigurationList;
			buildConfigurations = (
				BE1AF4352AB497B900120182 /* Debug */,
				BE1AF4362AB497B900120182 /* Release */,
			);
			defaultConfigurationIsVisible = 0;
			defaultConfigurationName = Release;
		};
		BE248B792ABC5151008EDB4E /* Build configuration list for PBXNativeTarget "EssentialFeedPracticeiOS" */ = {
			isa = XCConfigurationList;
			buildConfigurations = (
				BE248B752ABC5151008EDB4E /* Debug */,
				BE248B762ABC5151008EDB4E /* Release */,
			);
			defaultConfigurationIsVisible = 0;
			defaultConfigurationName = Release;
		};
		BE248B7A2ABC5151008EDB4E /* Build configuration list for PBXNativeTarget "EssentialFeedPracticeiOSTests" */ = {
			isa = XCConfigurationList;
			buildConfigurations = (
				BE248B772ABC5151008EDB4E /* Debug */,
				BE248B782ABC5151008EDB4E /* Release */,
			);
			defaultConfigurationIsVisible = 0;
			defaultConfigurationName = Release;
		};
		BE69892C2AADC8430038B32C /* Build configuration list for PBXProject "EssentialFeedPractice" */ = {
			isa = XCConfigurationList;
			buildConfigurations = (
				BE6989422AADC8430038B32C /* Debug */,
				BE6989432AADC8430038B32C /* Release */,
			);
			defaultConfigurationIsVisible = 0;
			defaultConfigurationName = Release;
		};
		BE6989442AADC8430038B32C /* Build configuration list for PBXNativeTarget "EssentialFeedPractice" */ = {
			isa = XCConfigurationList;
			buildConfigurations = (
				BE6989452AADC8430038B32C /* Debug */,
				BE6989462AADC8430038B32C /* Release */,
			);
			defaultConfigurationIsVisible = 0;
			defaultConfigurationName = Release;
		};
		BE6989472AADC8430038B32C /* Build configuration list for PBXNativeTarget "EssentialFeedPracticeTests" */ = {
			isa = XCConfigurationList;
			buildConfigurations = (
				BE6989482AADC8430038B32C /* Debug */,
				BE6989492AADC8430038B32C /* Release */,
			);
			defaultConfigurationIsVisible = 0;
			defaultConfigurationName = Release;
		};
		BE70B1EC2AB9932500F30F90 /* Build configuration list for PBXNativeTarget "EssentialFeedPracticeAPIEndToEndTests" */ = {
			isa = XCConfigurationList;
			buildConfigurations = (
				BE70B1EA2AB9932500F30F90 /* Debug */,
				BE70B1EB2AB9932500F30F90 /* Release */,
			);
			defaultConfigurationIsVisible = 0;
			defaultConfigurationName = Release;
		};
/* End XCConfigurationList section */

/* Begin XCVersionGroup section */
		BE87E8C62AB332C100E04245 /* FeedStore.xcdatamodeld */ = {
			isa = XCVersionGroup;
			children = (
				BE87E8C72AB332C100E04245 /* FeedStore.xcdatamodel */,
			);
			currentVersion = BE87E8C72AB332C100E04245 /* FeedStore.xcdatamodel */;
			path = FeedStore.xcdatamodeld;
			sourceTree = "<group>";
			versionGroupType = wrapper.xcdatamodel;
		};
/* End XCVersionGroup section */
	};
	rootObject = BE6989292AADC8430038B32C /* Project object */;
}
